// !$*UTF8*$!
{
	archiveVersion = 1;
	classes = {
	};
	objectVersion = 46;
	objects = {

/* Begin PBXBuildFile section */
		7A14A31A189B7029008FAEC7 /* GameStart.m in Sources */ = {isa = PBXBuildFile; fileRef = 7A14A319189B7029008FAEC7 /* GameStart.m */; };
		7A6B724F18C991B5000D5ADB /* FacebookSDK.framework in Frameworks */ = {isa = PBXBuildFile; fileRef = 7A6B724E18C991B5000D5ADB /* FacebookSDK.framework */; };
		7AF8C866189B77C30098E573 /* ChooseQuestionPacks.m in Sources */ = {isa = PBXBuildFile; fileRef = 7AF8C865189B77C30098E573 /* ChooseQuestionPacks.m */; };
		7AF8C86C189B7AC30098E573 /* AnswerQuestions.m in Sources */ = {isa = PBXBuildFile; fileRef = 7AF8C86B189B7AC30098E573 /* AnswerQuestions.m */; };
		7AFEE0A4189C4D0600D84FA3 /* defaultBackground.png in Resources */ = {isa = PBXBuildFile; fileRef = 7AFEE0A3189C4D0600D84FA3 /* defaultBackground.png */; };
		7AFEE0A7189C4F8E00D84FA3 /* Helppage.m in Sources */ = {isa = PBXBuildFile; fileRef = 7AFEE0A6189C4F8E00D84FA3 /* Helppage.m */; };
		7AFEE0AA189C58DA00D84FA3 /* Category.m in Sources */ = {isa = PBXBuildFile; fileRef = 7AFEE0A9189C58DA00D84FA3 /* Category.m */; };
		7AFEE0AD189C591900D84FA3 /* question.m in Sources */ = {isa = PBXBuildFile; fileRef = 7AFEE0AC189C591900D84FA3 /* question.m */; };
		7AFEE0B0189C5AF500D84FA3 /* CategoryTV.m in Sources */ = {isa = PBXBuildFile; fileRef = 7AFEE0AF189C5AF500D84FA3 /* CategoryTV.m */; };
		7AFEE0B3189C5C5D00D84FA3 /* Sendrequest.m in Sources */ = {isa = PBXBuildFile; fileRef = 7AFEE0B2189C5C5D00D84FA3 /* Sendrequest.m */; };
		AA40889118F51F2A0001D4EC /* NSObject+SBJson.m in Sources */ = {isa = PBXBuildFile; fileRef = AA40887918F51F2A0001D4EC /* NSObject+SBJson.m */; };
		AA40889218F51F2A0001D4EC /* SBJsonParser.m in Sources */ = {isa = PBXBuildFile; fileRef = AA40887C18F51F2A0001D4EC /* SBJsonParser.m */; };
		AA40889318F51F2A0001D4EC /* SBJsonStreamParser.m in Sources */ = {isa = PBXBuildFile; fileRef = AA40887E18F51F2A0001D4EC /* SBJsonStreamParser.m */; };
		AA40889418F51F2A0001D4EC /* SBJsonStreamParserAccumulator.m in Sources */ = {isa = PBXBuildFile; fileRef = AA40888018F51F2A0001D4EC /* SBJsonStreamParserAccumulator.m */; };
		AA40889518F51F2A0001D4EC /* SBJsonStreamParserAdapter.m in Sources */ = {isa = PBXBuildFile; fileRef = AA40888218F51F2A0001D4EC /* SBJsonStreamParserAdapter.m */; };
		AA40889618F51F2A0001D4EC /* SBJsonStreamParserState.m in Sources */ = {isa = PBXBuildFile; fileRef = AA40888418F51F2A0001D4EC /* SBJsonStreamParserState.m */; };
		AA40889718F51F2A0001D4EC /* SBJsonStreamWriter.m in Sources */ = {isa = PBXBuildFile; fileRef = AA40888618F51F2A0001D4EC /* SBJsonStreamWriter.m */; };
		AA40889818F51F2A0001D4EC /* SBJsonStreamWriterAccumulator.m in Sources */ = {isa = PBXBuildFile; fileRef = AA40888818F51F2A0001D4EC /* SBJsonStreamWriterAccumulator.m */; };
		AA40889918F51F2A0001D4EC /* SBJsonStreamWriterState.m in Sources */ = {isa = PBXBuildFile; fileRef = AA40888A18F51F2A0001D4EC /* SBJsonStreamWriterState.m */; };
		AA40889A18F51F2A0001D4EC /* SBJsonTokeniser.m in Sources */ = {isa = PBXBuildFile; fileRef = AA40888C18F51F2A0001D4EC /* SBJsonTokeniser.m */; };
		AA40889B18F51F2A0001D4EC /* SBJsonUTF8Stream.m in Sources */ = {isa = PBXBuildFile; fileRef = AA40888E18F51F2A0001D4EC /* SBJsonUTF8Stream.m */; };
		AA40889C18F51F2A0001D4EC /* SBJsonWriter.m in Sources */ = {isa = PBXBuildFile; fileRef = AA40889018F51F2A0001D4EC /* SBJsonWriter.m */; };
		AA68478D18E3CACF00278A5E /* 120.png in Resources */ = {isa = PBXBuildFile; fileRef = AA68478918E3CACF00278A5E /* 120.png */; };
		AA68478E18E3CACF00278A5E /* 58.png in Resources */ = {isa = PBXBuildFile; fileRef = AA68478A18E3CACF00278A5E /* 58.png */; };
		AA68478F18E3CACF00278A5E /* 80.png in Resources */ = {isa = PBXBuildFile; fileRef = AA68478B18E3CACF00278A5E /* 80.png */; };
		AA68479018E3CACF00278A5E /* original.png in Resources */ = {isa = PBXBuildFile; fileRef = AA68478C18E3CACF00278A5E /* original.png */; };
		AAAFBFC818DA56CF00D1029D /* CJSONDeserializer.m in Sources */ = {isa = PBXBuildFile; fileRef = AAAFBFC218DA56CF00D1029D /* CJSONDeserializer.m */; };
		AAAFBFC918DA56CF00D1029D /* CJSONSerializer.m in Sources */ = {isa = PBXBuildFile; fileRef = AAAFBFC418DA56CF00D1029D /* CJSONSerializer.m */; };
		AAAFBFCA18DA56CF00D1029D /* NSDictionary_JSONExtensions.m in Sources */ = {isa = PBXBuildFile; fileRef = AAAFBFC718DA56CF00D1029D /* NSDictionary_JSONExtensions.m */; };
		AAAFBFCD18DA5D7E00D1029D /* PrepareForAnswerQuestionViewController.m in Sources */ = {isa = PBXBuildFile; fileRef = AAAFBFCC18DA5D7E00D1029D /* PrepareForAnswerQuestionViewController.m */; };
		AAC95D4B18BEACD6003D72F9 /* ExternalQuestionPack.m in Sources */ = {isa = PBXBuildFile; fileRef = AAC95D4A18BEACD6003D72F9 /* ExternalQuestionPack.m */; };
		AAC95D4E18BEBF17003D72F9 /* GameResultViewController.m in Sources */ = {isa = PBXBuildFile; fileRef = AAC95D4D18BEBF17003D72F9 /* GameResultViewController.m */; };
		AAC95D5118BEC159003D72F9 /* AnswerQuestionViewController.m in Sources */ = {isa = PBXBuildFile; fileRef = AAC95D5018BEC159003D72F9 /* AnswerQuestionViewController.m */; };
		AAD1944D18AC39D600116E23 /* QuestionPack.m in Sources */ = {isa = PBXBuildFile; fileRef = AAD1944C18AC39D600116E23 /* QuestionPack.m */; };
		AAD1945018AC440700116E23 /* PackSelectViewController.m in Sources */ = {isa = PBXBuildFile; fileRef = AAD1944F18AC440700116E23 /* PackSelectViewController.m */; };
		AAD1945318AC452D00116E23 /* EditQuestionViewController.m in Sources */ = {isa = PBXBuildFile; fileRef = AAD1945218AC452D00116E23 /* EditQuestionViewController.m */; };
		AAD194A018AC572500116E23 /* SendRequestViewController.m in Sources */ = {isa = PBXBuildFile; fileRef = AAD1949F18AC572500116E23 /* SendRequestViewController.m */; };
		EB50AE7418E633AE0000C8A0 /* fire in Resources */ = {isa = PBXBuildFile; fileRef = EB50AE7318E633AD0000C8A0 /* fire */; };
		EB50AE8818E63E2F0000C8A0 /* backgroungimage-l.png in Resources */ = {isa = PBXBuildFile; fileRef = EB50AE7518E63E2F0000C8A0 /* backgroungimage-l.png */; };
		EB50AE8918E63E2F0000C8A0 /* balloon-with-stars.png in Resources */ = {isa = PBXBuildFile; fileRef = EB50AE7618E63E2F0000C8A0 /* balloon-with-stars.png */; };
		EB50AE8A18E63E2F0000C8A0 /* bg.png in Resources */ = {isa = PBXBuildFile; fileRef = EB50AE7718E63E2F0000C8A0 /* bg.png */; };
		EB50AE8B18E63E2F0000C8A0 /* black-large.png in Resources */ = {isa = PBXBuildFile; fileRef = EB50AE7818E63E2F0000C8A0 /* black-large.png */; };
		EB50AE8C18E63E2F0000C8A0 /* clouds-2.png in Resources */ = {isa = PBXBuildFile; fileRef = EB50AE7918E63E2F0000C8A0 /* clouds-2.png */; };
		EB50AE8D18E63E2F0000C8A0 /* clouds.png in Resources */ = {isa = PBXBuildFile; fileRef = EB50AE7A18E63E2F0000C8A0 /* clouds.png */; };
		EB50AE8E18E63E2F0000C8A0 /* green-large.png in Resources */ = {isa = PBXBuildFile; fileRef = EB50AE7B18E63E2F0000C8A0 /* green-large.png */; };
		EB50AE8F18E63E2F0000C8A0 /* landscape.jpg in Resources */ = {isa = PBXBuildFile; fileRef = EB50AE7C18E63E2F0000C8A0 /* landscape.jpg */; };
		EB50AE9018E63E2F0000C8A0 /* moon.PNG in Resources */ = {isa = PBXBuildFile; fileRef = EB50AE7D18E63E2F0000C8A0 /* moon.PNG */; };
		EB50AE9118E63E2F0000C8A0 /* orange-large.png in Resources */ = {isa = PBXBuildFile; fileRef = EB50AE7E18E63E2F0000C8A0 /* orange-large.png */; };
		EB50AE9218E63E2F0000C8A0 /* pink-large.png in Resources */ = {isa = PBXBuildFile; fileRef = EB50AE7F18E63E2F0000C8A0 /* pink-large.png */; };
		EB50AE9318E63E2F0000C8A0 /* plane.png in Resources */ = {isa = PBXBuildFile; fileRef = EB50AE8018E63E2F0000C8A0 /* plane.png */; };
		EB50AE9418E63E2F0000C8A0 /* plane2.png in Resources */ = {isa = PBXBuildFile; fileRef = EB50AE8118E63E2F0000C8A0 /* plane2.png */; };
		EB50AE9518E63E2F0000C8A0 /* plane3.png in Resources */ = {isa = PBXBuildFile; fileRef = EB50AE8218E63E2F0000C8A0 /* plane3.png */; };
		EB50AE9618E63E2F0000C8A0 /* spaceship.png in Resources */ = {isa = PBXBuildFile; fileRef = EB50AE8318E63E2F0000C8A0 /* spaceship.png */; };
		EB50AE9718E63E2F0000C8A0 /* tree.png in Resources */ = {isa = PBXBuildFile; fileRef = EB50AE8418E63E2F0000C8A0 /* tree.png */; };
		EB50AE9818E63E2F0000C8A0 /* tree1.png in Resources */ = {isa = PBXBuildFile; fileRef = EB50AE8518E63E2F0000C8A0 /* tree1.png */; };
		EB50AE9918E63E2F0000C8A0 /* Untitled-1.psd in Resources */ = {isa = PBXBuildFile; fileRef = EB50AE8618E63E2F0000C8A0 /* Untitled-1.psd */; };
		EB50AE9A18E63E2F0000C8A0 /* with-rainbow.png in Resources */ = {isa = PBXBuildFile; fileRef = EB50AE8718E63E2F0000C8A0 /* with-rainbow.png */; };
		EB5D904618D7E64200E8BE1B /* CoreData.framework in Frameworks */ = {isa = PBXBuildFile; fileRef = EB5D904518D7E64200E8BE1B /* CoreData.framework */; };
		EB5D904918D7E66C00E8BE1B /* CoreDataModel.xcdatamodeld in Sources */ = {isa = PBXBuildFile; fileRef = EB5D904718D7E66C00E8BE1B /* CoreDataModel.xcdatamodeld */; };
		EB5D904A18D7E66C00E8BE1B /* CoreDataModel.xcdatamodeld in Sources */ = {isa = PBXBuildFile; fileRef = EB5D904718D7E66C00E8BE1B /* CoreDataModel.xcdatamodeld */; };
		EB5D907718DAA22A00E8BE1B /* black.png in Resources */ = {isa = PBXBuildFile; fileRef = EB5D906F18DAA22A00E8BE1B /* black.png */; };
		EB5D907818DAA22A00E8BE1B /* cloud-1.png in Resources */ = {isa = PBXBuildFile; fileRef = EB5D907018DAA22A00E8BE1B /* cloud-1.png */; };
		EB5D907918DAA22A00E8BE1B /* cloud-2.png in Resources */ = {isa = PBXBuildFile; fileRef = EB5D907118DAA22A00E8BE1B /* cloud-2.png */; };
		EB5D907A18DAA22A00E8BE1B /* cloud-3.png in Resources */ = {isa = PBXBuildFile; fileRef = EB5D907218DAA22A00E8BE1B /* cloud-3.png */; };
		EB5D907B18DAA22A00E8BE1B /* cloud-4.png in Resources */ = {isa = PBXBuildFile; fileRef = EB5D907318DAA22A00E8BE1B /* cloud-4.png */; };
		EB5D907C18DAA22A00E8BE1B /* orange.png in Resources */ = {isa = PBXBuildFile; fileRef = EB5D907418DAA22A00E8BE1B /* orange.png */; };
		EB5D907D18DAA22A00E8BE1B /* pink.png in Resources */ = {isa = PBXBuildFile; fileRef = EB5D907518DAA22A00E8BE1B /* pink.png */; };
		EB5D907E18DAA22A00E8BE1B /* sky.png in Resources */ = {isa = PBXBuildFile; fileRef = EB5D907618DAA22A00E8BE1B /* sky.png */; };
		EB5D908118DBFECF00E8BE1B /* Help_GameViewController.m in Sources */ = {isa = PBXBuildFile; fileRef = EB5D908018DBFECF00E8BE1B /* Help_GameViewController.m */; };
		EB5D908218DBFECF00E8BE1B /* Help_GameViewController.m in Sources */ = {isa = PBXBuildFile; fileRef = EB5D908018DBFECF00E8BE1B /* Help_GameViewController.m */; };
		EB5D908518DCD21D00E8BE1B /* Help_AchievementsViewController.m in Sources */ = {isa = PBXBuildFile; fileRef = EB5D908418DCD21D00E8BE1B /* Help_AchievementsViewController.m */; };
		EB5D908618DCD21D00E8BE1B /* Help_AchievementsViewController.m in Sources */ = {isa = PBXBuildFile; fileRef = EB5D908418DCD21D00E8BE1B /* Help_AchievementsViewController.m */; };
		EB5D908918DCD22F00E8BE1B /* Help_FacebookViewController.m in Sources */ = {isa = PBXBuildFile; fileRef = EB5D908818DCD22F00E8BE1B /* Help_FacebookViewController.m */; };
		EB5D908A18DCD22F00E8BE1B /* Help_FacebookViewController.m in Sources */ = {isa = PBXBuildFile; fileRef = EB5D908818DCD22F00E8BE1B /* Help_FacebookViewController.m */; };
		EB5D908D18DD226000E8BE1B /* Help_QuestionViewController.m in Sources */ = {isa = PBXBuildFile; fileRef = EB5D908C18DD226000E8BE1B /* Help_QuestionViewController.m */; };
		EB5D908E18DD226000E8BE1B /* Help_QuestionViewController.m in Sources */ = {isa = PBXBuildFile; fileRef = EB5D908C18DD226000E8BE1B /* Help_QuestionViewController.m */; };
		EB96185118BC45BB0047862A /* TestViewController.m in Sources */ = {isa = PBXBuildFile; fileRef = EB96185018BC45BA0047862A /* TestViewController.m */; };
		EB96186318C8180C0047862A /* help-icon1.png in Resources */ = {isa = PBXBuildFile; fileRef = EB96185E18C8180B0047862A /* help-icon1.png */; };
		EB96186418C8180C0047862A /* home-icon.png in Resources */ = {isa = PBXBuildFile; fileRef = EB96185F18C8180B0047862A /* home-icon.png */; };
		EB96186518C8180C0047862A /* profile-icon.png in Resources */ = {isa = PBXBuildFile; fileRef = EB96186018C8180B0047862A /* profile-icon.png */; };
		EB96186618C8180C0047862A /* setting-icon.png in Resources */ = {isa = PBXBuildFile; fileRef = EB96186118C8180B0047862A /* setting-icon.png */; };
		EB96186718C8180C0047862A /* tatistic-icon.png in Resources */ = {isa = PBXBuildFile; fileRef = EB96186218C8180B0047862A /* tatistic-icon.png */; };
		EB96186918C81AF10047862A /* award-icon.png in Resources */ = {isa = PBXBuildFile; fileRef = EB96186818C81AF10047862A /* award-icon.png */; };
		EB96186C18C820F80047862A /* AwardsViewController.m in Sources */ = {isa = PBXBuildFile; fileRef = EB96186B18C820F80047862A /* AwardsViewController.m */; };
		EB96186F18C821C80047862A /* StatusViewController.m in Sources */ = {isa = PBXBuildFile; fileRef = EB96186E18C821C80047862A /* StatusViewController.m */; };
		EB9B1878189A1F51001E9D60 /* Foundation.framework in Frameworks */ = {isa = PBXBuildFile; fileRef = EB9B1877189A1F51001E9D60 /* Foundation.framework */; };
		EB9B187A189A1F51001E9D60 /* CoreGraphics.framework in Frameworks */ = {isa = PBXBuildFile; fileRef = EB9B1879189A1F51001E9D60 /* CoreGraphics.framework */; };
		EB9B187C189A1F51001E9D60 /* UIKit.framework in Frameworks */ = {isa = PBXBuildFile; fileRef = EB9B187B189A1F51001E9D60 /* UIKit.framework */; };
		EB9B1882189A1F51001E9D60 /* InfoPlist.strings in Resources */ = {isa = PBXBuildFile; fileRef = EB9B1880189A1F51001E9D60 /* InfoPlist.strings */; };
		EB9B1884189A1F51001E9D60 /* main.m in Sources */ = {isa = PBXBuildFile; fileRef = EB9B1883189A1F51001E9D60 /* main.m */; };
		EB9B1888189A1F52001E9D60 /* INFO_4290_Final_ProjectAppDelegate.m in Sources */ = {isa = PBXBuildFile; fileRef = EB9B1887189A1F52001E9D60 /* INFO_4290_Final_ProjectAppDelegate.m */; };
		EB9B188B189A1F52001E9D60 /* Main.storyboard in Resources */ = {isa = PBXBuildFile; fileRef = EB9B1889189A1F52001E9D60 /* Main.storyboard */; };
		EB9B188E189A1F52001E9D60 /* INFO_4290_Final_ProjectViewController.m in Sources */ = {isa = PBXBuildFile; fileRef = EB9B188D189A1F52001E9D60 /* INFO_4290_Final_ProjectViewController.m */; };
		EB9B1890189A1F52001E9D60 /* Images.xcassets in Resources */ = {isa = PBXBuildFile; fileRef = EB9B188F189A1F52001E9D60 /* Images.xcassets */; };
		EB9B1897189A1F52001E9D60 /* XCTest.framework in Frameworks */ = {isa = PBXBuildFile; fileRef = EB9B1896189A1F52001E9D60 /* XCTest.framework */; };
		EB9B1898189A1F52001E9D60 /* Foundation.framework in Frameworks */ = {isa = PBXBuildFile; fileRef = EB9B1877189A1F51001E9D60 /* Foundation.framework */; };
		EB9B1899189A1F52001E9D60 /* UIKit.framework in Frameworks */ = {isa = PBXBuildFile; fileRef = EB9B187B189A1F51001E9D60 /* UIKit.framework */; };
		EB9B18A1189A1F52001E9D60 /* InfoPlist.strings in Resources */ = {isa = PBXBuildFile; fileRef = EB9B189F189A1F52001E9D60 /* InfoPlist.strings */; };
		EB9B18A3189A1F52001E9D60 /* Friend_QuizTests.m in Sources */ = {isa = PBXBuildFile; fileRef = EB9B18A2189A1F52001E9D60 /* Friend_QuizTests.m */; };
		EBA5EF1018A9E4D400493FBF /* MainMenuViewController.m in Sources */ = {isa = PBXBuildFile; fileRef = EBA5EF0F18A9E4D400493FBF /* MainMenuViewController.m */; };
		EBA5EF1618ADB97200493FBF /* SideMenuViewController.m in Sources */ = {isa = PBXBuildFile; fileRef = EBA5EF1518ADB97200493FBF /* SideMenuViewController.m */; };
		EBA5EF2018ADC49000493FBF /* MainViewController.m in Sources */ = {isa = PBXBuildFile; fileRef = EBA5EF1F18ADC49000493FBF /* MainViewController.m */; };
		EBA5EF2318B161CC00493FBF /* SWRevealViewController.m in Sources */ = {isa = PBXBuildFile; fileRef = EBA5EF2218B161CC00493FBF /* SWRevealViewController.m */; };
		EBA5EF3018B5CD4F00493FBF /* SettingsViewController.m in Sources */ = {isa = PBXBuildFile; fileRef = EBA5EF2F18B5CD4F00493FBF /* SettingsViewController.m */; };
		EBA5EF3318B5CD6100493FBF /* MyProfileViewController.m in Sources */ = {isa = PBXBuildFile; fileRef = EBA5EF3218B5CD6100493FBF /* MyProfileViewController.m */; };
		EBA5EF3618B5CD6E00493FBF /* HelpMenuViewController.m in Sources */ = {isa = PBXBuildFile; fileRef = EBA5EF3518B5CD6E00493FBF /* HelpMenuViewController.m */; };
		EBA5EF3918B5CE7900493FBF /* menu.png in Resources */ = {isa = PBXBuildFile; fileRef = EBA5EF3818B5CE7900493FBF /* menu.png */; };
		EBB7B09218F50EF1002AE5BA /* bluecircle.png in Resources */ = {isa = PBXBuildFile; fileRef = EBB7B08818F50EF1002AE5BA /* bluecircle.png */; };
		EBB7B09318F50EF1002AE5BA /* coverimage-facebokk.png in Resources */ = {isa = PBXBuildFile; fileRef = EBB7B08918F50EF1002AE5BA /* coverimage-facebokk.png */; };
		EBB7B09418F50EF1002AE5BA /* coverimage.png in Resources */ = {isa = PBXBuildFile; fileRef = EBB7B08A18F50EF1002AE5BA /* coverimage.png */; };
		EBB7B09518F50EF1002AE5BA /* fireball.png in Resources */ = {isa = PBXBuildFile; fileRef = EBB7B08B18F50EF1002AE5BA /* fireball.png */; };
		EBB7B09618F50EF1002AE5BA /* green.png in Resources */ = {isa = PBXBuildFile; fileRef = EBB7B08C18F50EF1002AE5BA /* green.png */; };
		EBB7B09718F50EF1002AE5BA /* greencircle.png in Resources */ = {isa = PBXBuildFile; fileRef = EBB7B08D18F50EF1002AE5BA /* greencircle.png */; };
		EBB7B09818F50EF1002AE5BA /* Icicles_.png in Resources */ = {isa = PBXBuildFile; fileRef = EBB7B08E18F50EF1002AE5BA /* Icicles_.png */; };
		EBB7B09918F50EF1002AE5BA /* sound-off.png in Resources */ = {isa = PBXBuildFile; fileRef = EBB7B08F18F50EF1002AE5BA /* sound-off.png */; };
		EBB7B09A18F50EF1002AE5BA /* soundon.png in Resources */ = {isa = PBXBuildFile; fileRef = EBB7B09018F50EF1002AE5BA /* soundon.png */; };
		EBB7B09B18F50EF1002AE5BA /* webbanner.png in Resources */ = {isa = PBXBuildFile; fileRef = EBB7B09118F50EF1002AE5BA /* webbanner.png */; };
		EBB7B09E18F512C0002AE5BA /* greenBackground.png in Resources */ = {isa = PBXBuildFile; fileRef = EBB7B09D18F512C0002AE5BA /* greenBackground.png */; };
		EBB7B0A018F512CD002AE5BA /* pink-blueBackground.png in Resources */ = {isa = PBXBuildFile; fileRef = EBB7B09F18F512CD002AE5BA /* pink-blueBackground.png */; };
		EBB7B0A218F512E5002AE5BA /* pinkBackground.png in Resources */ = {isa = PBXBuildFile; fileRef = EBB7B0A118F512E5002AE5BA /* pinkBackground.png */; };
/* End PBXBuildFile section */

/* Begin PBXContainerItemProxy section */
		EB9B189A189A1F52001E9D60 /* PBXContainerItemProxy */ = {
			isa = PBXContainerItemProxy;
			containerPortal = EB9B186C189A1F51001E9D60 /* Project object */;
			proxyType = 1;
			remoteGlobalIDString = EB9B1873189A1F51001E9D60;
			remoteInfo = "Friend Quiz";
		};
/* End PBXContainerItemProxy section */

/* Begin PBXFileReference section */
		7A14A318189B7029008FAEC7 /* GameStart.h */ = {isa = PBXFileReference; fileEncoding = 4; lastKnownFileType = sourcecode.c.h; path = GameStart.h; sourceTree = "<group>"; };
		7A14A319189B7029008FAEC7 /* GameStart.m */ = {isa = PBXFileReference; fileEncoding = 4; lastKnownFileType = sourcecode.c.objc; path = GameStart.m; sourceTree = "<group>"; };
		7A6B724E18C991B5000D5ADB /* FacebookSDK.framework */ = {isa = PBXFileReference; lastKnownFileType = wrapper.framework; name = FacebookSDK.framework; path = ../../Documents/FacebookSDK/FacebookSDK.framework; sourceTree = "<group>"; };
		7AF8C864189B77C30098E573 /* ChooseQuestionPacks.h */ = {isa = PBXFileReference; fileEncoding = 4; lastKnownFileType = sourcecode.c.h; path = ChooseQuestionPacks.h; sourceTree = "<group>"; };
		7AF8C865189B77C30098E573 /* ChooseQuestionPacks.m */ = {isa = PBXFileReference; fileEncoding = 4; lastKnownFileType = sourcecode.c.objc; path = ChooseQuestionPacks.m; sourceTree = "<group>"; };
		7AF8C86A189B7AC30098E573 /* AnswerQuestions.h */ = {isa = PBXFileReference; fileEncoding = 4; lastKnownFileType = sourcecode.c.h; path = AnswerQuestions.h; sourceTree = "<group>"; };
		7AF8C86B189B7AC30098E573 /* AnswerQuestions.m */ = {isa = PBXFileReference; fileEncoding = 4; lastKnownFileType = sourcecode.c.objc; path = AnswerQuestions.m; sourceTree = "<group>"; };
		7AFEE0A3189C4D0600D84FA3 /* defaultBackground.png */ = {isa = PBXFileReference; lastKnownFileType = image.png; path = defaultBackground.png; sourceTree = "<group>"; };
		7AFEE0A5189C4F8E00D84FA3 /* Helppage.h */ = {isa = PBXFileReference; fileEncoding = 4; lastKnownFileType = sourcecode.c.h; path = Helppage.h; sourceTree = "<group>"; };
		7AFEE0A6189C4F8E00D84FA3 /* Helppage.m */ = {isa = PBXFileReference; fileEncoding = 4; lastKnownFileType = sourcecode.c.objc; path = Helppage.m; sourceTree = "<group>"; };
		7AFEE0A8189C58DA00D84FA3 /* Category.h */ = {isa = PBXFileReference; fileEncoding = 4; lastKnownFileType = sourcecode.c.h; path = Category.h; sourceTree = "<group>"; };
		7AFEE0A9189C58DA00D84FA3 /* Category.m */ = {isa = PBXFileReference; fileEncoding = 4; lastKnownFileType = sourcecode.c.objc; path = Category.m; sourceTree = "<group>"; };
		7AFEE0AB189C591900D84FA3 /* question.h */ = {isa = PBXFileReference; fileEncoding = 4; lastKnownFileType = sourcecode.c.h; path = question.h; sourceTree = "<group>"; };
		7AFEE0AC189C591900D84FA3 /* question.m */ = {isa = PBXFileReference; fileEncoding = 4; lastKnownFileType = sourcecode.c.objc; path = question.m; sourceTree = "<group>"; };
		7AFEE0AE189C5AF500D84FA3 /* CategoryTV.h */ = {isa = PBXFileReference; fileEncoding = 4; lastKnownFileType = sourcecode.c.h; path = CategoryTV.h; sourceTree = "<group>"; };
		7AFEE0AF189C5AF500D84FA3 /* CategoryTV.m */ = {isa = PBXFileReference; fileEncoding = 4; lastKnownFileType = sourcecode.c.objc; path = CategoryTV.m; sourceTree = "<group>"; };
		7AFEE0B1189C5C5D00D84FA3 /* Sendrequest.h */ = {isa = PBXFileReference; fileEncoding = 4; lastKnownFileType = sourcecode.c.h; path = Sendrequest.h; sourceTree = "<group>"; };
		7AFEE0B2189C5C5D00D84FA3 /* Sendrequest.m */ = {isa = PBXFileReference; fileEncoding = 4; lastKnownFileType = sourcecode.c.objc; path = Sendrequest.m; sourceTree = "<group>"; };
		AA40887818F51F2A0001D4EC /* NSObject+SBJson.h */ = {isa = PBXFileReference; fileEncoding = 4; lastKnownFileType = sourcecode.c.h; path = "NSObject+SBJson.h"; sourceTree = "<group>"; };
		AA40887918F51F2A0001D4EC /* NSObject+SBJson.m */ = {isa = PBXFileReference; fileEncoding = 4; lastKnownFileType = sourcecode.c.objc; path = "NSObject+SBJson.m"; sourceTree = "<group>"; };
		AA40887A18F51F2A0001D4EC /* SBJson.h */ = {isa = PBXFileReference; fileEncoding = 4; lastKnownFileType = sourcecode.c.h; path = SBJson.h; sourceTree = "<group>"; };
		AA40887B18F51F2A0001D4EC /* SBJsonParser.h */ = {isa = PBXFileReference; fileEncoding = 4; lastKnownFileType = sourcecode.c.h; path = SBJsonParser.h; sourceTree = "<group>"; };
		AA40887C18F51F2A0001D4EC /* SBJsonParser.m */ = {isa = PBXFileReference; fileEncoding = 4; lastKnownFileType = sourcecode.c.objc; path = SBJsonParser.m; sourceTree = "<group>"; };
		AA40887D18F51F2A0001D4EC /* SBJsonStreamParser.h */ = {isa = PBXFileReference; fileEncoding = 4; lastKnownFileType = sourcecode.c.h; path = SBJsonStreamParser.h; sourceTree = "<group>"; };
		AA40887E18F51F2A0001D4EC /* SBJsonStreamParser.m */ = {isa = PBXFileReference; fileEncoding = 4; lastKnownFileType = sourcecode.c.objc; path = SBJsonStreamParser.m; sourceTree = "<group>"; };
		AA40887F18F51F2A0001D4EC /* SBJsonStreamParserAccumulator.h */ = {isa = PBXFileReference; fileEncoding = 4; lastKnownFileType = sourcecode.c.h; path = SBJsonStreamParserAccumulator.h; sourceTree = "<group>"; };
		AA40888018F51F2A0001D4EC /* SBJsonStreamParserAccumulator.m */ = {isa = PBXFileReference; fileEncoding = 4; lastKnownFileType = sourcecode.c.objc; path = SBJsonStreamParserAccumulator.m; sourceTree = "<group>"; };
		AA40888118F51F2A0001D4EC /* SBJsonStreamParserAdapter.h */ = {isa = PBXFileReference; fileEncoding = 4; lastKnownFileType = sourcecode.c.h; path = SBJsonStreamParserAdapter.h; sourceTree = "<group>"; };
		AA40888218F51F2A0001D4EC /* SBJsonStreamParserAdapter.m */ = {isa = PBXFileReference; fileEncoding = 4; lastKnownFileType = sourcecode.c.objc; path = SBJsonStreamParserAdapter.m; sourceTree = "<group>"; };
		AA40888318F51F2A0001D4EC /* SBJsonStreamParserState.h */ = {isa = PBXFileReference; fileEncoding = 4; lastKnownFileType = sourcecode.c.h; path = SBJsonStreamParserState.h; sourceTree = "<group>"; };
		AA40888418F51F2A0001D4EC /* SBJsonStreamParserState.m */ = {isa = PBXFileReference; fileEncoding = 4; lastKnownFileType = sourcecode.c.objc; path = SBJsonStreamParserState.m; sourceTree = "<group>"; };
		AA40888518F51F2A0001D4EC /* SBJsonStreamWriter.h */ = {isa = PBXFileReference; fileEncoding = 4; lastKnownFileType = sourcecode.c.h; path = SBJsonStreamWriter.h; sourceTree = "<group>"; };
		AA40888618F51F2A0001D4EC /* SBJsonStreamWriter.m */ = {isa = PBXFileReference; fileEncoding = 4; lastKnownFileType = sourcecode.c.objc; path = SBJsonStreamWriter.m; sourceTree = "<group>"; };
		AA40888718F51F2A0001D4EC /* SBJsonStreamWriterAccumulator.h */ = {isa = PBXFileReference; fileEncoding = 4; lastKnownFileType = sourcecode.c.h; path = SBJsonStreamWriterAccumulator.h; sourceTree = "<group>"; };
		AA40888818F51F2A0001D4EC /* SBJsonStreamWriterAccumulator.m */ = {isa = PBXFileReference; fileEncoding = 4; lastKnownFileType = sourcecode.c.objc; path = SBJsonStreamWriterAccumulator.m; sourceTree = "<group>"; };
		AA40888918F51F2A0001D4EC /* SBJsonStreamWriterState.h */ = {isa = PBXFileReference; fileEncoding = 4; lastKnownFileType = sourcecode.c.h; path = SBJsonStreamWriterState.h; sourceTree = "<group>"; };
		AA40888A18F51F2A0001D4EC /* SBJsonStreamWriterState.m */ = {isa = PBXFileReference; fileEncoding = 4; lastKnownFileType = sourcecode.c.objc; path = SBJsonStreamWriterState.m; sourceTree = "<group>"; };
		AA40888B18F51F2A0001D4EC /* SBJsonTokeniser.h */ = {isa = PBXFileReference; fileEncoding = 4; lastKnownFileType = sourcecode.c.h; path = SBJsonTokeniser.h; sourceTree = "<group>"; };
		AA40888C18F51F2A0001D4EC /* SBJsonTokeniser.m */ = {isa = PBXFileReference; fileEncoding = 4; lastKnownFileType = sourcecode.c.objc; path = SBJsonTokeniser.m; sourceTree = "<group>"; };
		AA40888D18F51F2A0001D4EC /* SBJsonUTF8Stream.h */ = {isa = PBXFileReference; fileEncoding = 4; lastKnownFileType = sourcecode.c.h; path = SBJsonUTF8Stream.h; sourceTree = "<group>"; };
		AA40888E18F51F2A0001D4EC /* SBJsonUTF8Stream.m */ = {isa = PBXFileReference; fileEncoding = 4; lastKnownFileType = sourcecode.c.objc; path = SBJsonUTF8Stream.m; sourceTree = "<group>"; };
		AA40888F18F51F2A0001D4EC /* SBJsonWriter.h */ = {isa = PBXFileReference; fileEncoding = 4; lastKnownFileType = sourcecode.c.h; path = SBJsonWriter.h; sourceTree = "<group>"; };
		AA40889018F51F2A0001D4EC /* SBJsonWriter.m */ = {isa = PBXFileReference; fileEncoding = 4; lastKnownFileType = sourcecode.c.objc; path = SBJsonWriter.m; sourceTree = "<group>"; };
		AA68478918E3CACF00278A5E /* 120.png */ = {isa = PBXFileReference; lastKnownFileType = image.png; path = 120.png; sourceTree = "<group>"; };
		AA68478A18E3CACF00278A5E /* 58.png */ = {isa = PBXFileReference; lastKnownFileType = image.png; path = 58.png; sourceTree = "<group>"; };
		AA68478B18E3CACF00278A5E /* 80.png */ = {isa = PBXFileReference; lastKnownFileType = image.png; path = 80.png; sourceTree = "<group>"; };
		AA68478C18E3CACF00278A5E /* original.png */ = {isa = PBXFileReference; lastKnownFileType = image.png; path = original.png; sourceTree = "<group>"; };
		AAAFBFC118DA56CF00D1029D /* CJSONDeserializer.h */ = {isa = PBXFileReference; fileEncoding = 4; lastKnownFileType = sourcecode.c.h; path = CJSONDeserializer.h; sourceTree = "<group>"; };
		AAAFBFC218DA56CF00D1029D /* CJSONDeserializer.m */ = {isa = PBXFileReference; fileEncoding = 4; lastKnownFileType = sourcecode.c.objc; path = CJSONDeserializer.m; sourceTree = "<group>"; };
		AAAFBFC318DA56CF00D1029D /* CJSONSerializer.h */ = {isa = PBXFileReference; fileEncoding = 4; lastKnownFileType = sourcecode.c.h; path = CJSONSerializer.h; sourceTree = "<group>"; };
		AAAFBFC418DA56CF00D1029D /* CJSONSerializer.m */ = {isa = PBXFileReference; fileEncoding = 4; lastKnownFileType = sourcecode.c.objc; path = CJSONSerializer.m; sourceTree = "<group>"; };
		AAAFBFC518DA56CF00D1029D /* JSONRepresentation.h */ = {isa = PBXFileReference; fileEncoding = 4; lastKnownFileType = sourcecode.c.h; path = JSONRepresentation.h; sourceTree = "<group>"; };
		AAAFBFC618DA56CF00D1029D /* NSDictionary_JSONExtensions.h */ = {isa = PBXFileReference; fileEncoding = 4; lastKnownFileType = sourcecode.c.h; path = NSDictionary_JSONExtensions.h; sourceTree = "<group>"; };
		AAAFBFC718DA56CF00D1029D /* NSDictionary_JSONExtensions.m */ = {isa = PBXFileReference; fileEncoding = 4; lastKnownFileType = sourcecode.c.objc; path = NSDictionary_JSONExtensions.m; sourceTree = "<group>"; };
		AAAFBFCB18DA5D7E00D1029D /* PrepareForAnswerQuestionViewController.h */ = {isa = PBXFileReference; fileEncoding = 4; lastKnownFileType = sourcecode.c.h; path = PrepareForAnswerQuestionViewController.h; sourceTree = "<group>"; };
		AAAFBFCC18DA5D7E00D1029D /* PrepareForAnswerQuestionViewController.m */ = {isa = PBXFileReference; fileEncoding = 4; lastKnownFileType = sourcecode.c.objc; path = PrepareForAnswerQuestionViewController.m; sourceTree = "<group>"; };
		AAC95D4918BEACD6003D72F9 /* ExternalQuestionPack.h */ = {isa = PBXFileReference; fileEncoding = 4; lastKnownFileType = sourcecode.c.h; path = ExternalQuestionPack.h; sourceTree = "<group>"; };
		AAC95D4A18BEACD6003D72F9 /* ExternalQuestionPack.m */ = {isa = PBXFileReference; fileEncoding = 4; lastKnownFileType = sourcecode.c.objc; path = ExternalQuestionPack.m; sourceTree = "<group>"; };
		AAC95D4C18BEBF17003D72F9 /* GameResultViewController.h */ = {isa = PBXFileReference; fileEncoding = 4; lastKnownFileType = sourcecode.c.h; path = GameResultViewController.h; sourceTree = "<group>"; };
		AAC95D4D18BEBF17003D72F9 /* GameResultViewController.m */ = {isa = PBXFileReference; fileEncoding = 4; lastKnownFileType = sourcecode.c.objc; path = GameResultViewController.m; sourceTree = "<group>"; };
		AAC95D4F18BEC159003D72F9 /* AnswerQuestionViewController.h */ = {isa = PBXFileReference; fileEncoding = 4; lastKnownFileType = sourcecode.c.h; path = AnswerQuestionViewController.h; sourceTree = "<group>"; };
		AAC95D5018BEC159003D72F9 /* AnswerQuestionViewController.m */ = {isa = PBXFileReference; fileEncoding = 4; lastKnownFileType = sourcecode.c.objc; path = AnswerQuestionViewController.m; sourceTree = "<group>"; };
		AAD1944B18AC39D600116E23 /* QuestionPack.h */ = {isa = PBXFileReference; fileEncoding = 4; lastKnownFileType = sourcecode.c.h; path = QuestionPack.h; sourceTree = "<group>"; };
		AAD1944C18AC39D600116E23 /* QuestionPack.m */ = {isa = PBXFileReference; fileEncoding = 4; lastKnownFileType = sourcecode.c.objc; path = QuestionPack.m; sourceTree = "<group>"; };
		AAD1944E18AC440700116E23 /* PackSelectViewController.h */ = {isa = PBXFileReference; fileEncoding = 4; lastKnownFileType = sourcecode.c.h; path = PackSelectViewController.h; sourceTree = "<group>"; };
		AAD1944F18AC440700116E23 /* PackSelectViewController.m */ = {isa = PBXFileReference; fileEncoding = 4; lastKnownFileType = sourcecode.c.objc; path = PackSelectViewController.m; sourceTree = "<group>"; };
		AAD1945118AC452D00116E23 /* EditQuestionViewController.h */ = {isa = PBXFileReference; fileEncoding = 4; lastKnownFileType = sourcecode.c.h; path = EditQuestionViewController.h; sourceTree = "<group>"; };
		AAD1945218AC452D00116E23 /* EditQuestionViewController.m */ = {isa = PBXFileReference; fileEncoding = 4; lastKnownFileType = sourcecode.c.objc; path = EditQuestionViewController.m; sourceTree = "<group>"; };
		AAD1949E18AC572500116E23 /* SendRequestViewController.h */ = {isa = PBXFileReference; fileEncoding = 4; lastKnownFileType = sourcecode.c.h; path = SendRequestViewController.h; sourceTree = "<group>"; };
		AAD1949F18AC572500116E23 /* SendRequestViewController.m */ = {isa = PBXFileReference; fileEncoding = 4; lastKnownFileType = sourcecode.c.objc; path = SendRequestViewController.m; sourceTree = "<group>"; };
		EB50AE7318E633AD0000C8A0 /* fire */ = {isa = PBXFileReference; lastKnownFileType = file; path = fire; sourceTree = "<group>"; };
		EB50AE7518E63E2F0000C8A0 /* backgroungimage-l.png */ = {isa = PBXFileReference; lastKnownFileType = image.png; path = "backgroungimage-l.png"; sourceTree = "<group>"; };
		EB50AE7618E63E2F0000C8A0 /* balloon-with-stars.png */ = {isa = PBXFileReference; lastKnownFileType = image.png; path = "balloon-with-stars.png"; sourceTree = "<group>"; };
		EB50AE7718E63E2F0000C8A0 /* bg.png */ = {isa = PBXFileReference; lastKnownFileType = image.png; path = bg.png; sourceTree = "<group>"; };
		EB50AE7818E63E2F0000C8A0 /* black-large.png */ = {isa = PBXFileReference; lastKnownFileType = image.png; path = "black-large.png"; sourceTree = "<group>"; };
		EB50AE7918E63E2F0000C8A0 /* clouds-2.png */ = {isa = PBXFileReference; lastKnownFileType = image.png; path = "clouds-2.png"; sourceTree = "<group>"; };
		EB50AE7A18E63E2F0000C8A0 /* clouds.png */ = {isa = PBXFileReference; lastKnownFileType = image.png; path = clouds.png; sourceTree = "<group>"; };
		EB50AE7B18E63E2F0000C8A0 /* green-large.png */ = {isa = PBXFileReference; lastKnownFileType = image.png; path = "green-large.png"; sourceTree = "<group>"; };
		EB50AE7C18E63E2F0000C8A0 /* landscape.jpg */ = {isa = PBXFileReference; lastKnownFileType = image.jpeg; path = landscape.jpg; sourceTree = "<group>"; };
		EB50AE7D18E63E2F0000C8A0 /* moon.PNG */ = {isa = PBXFileReference; lastKnownFileType = image.png; path = moon.PNG; sourceTree = "<group>"; };
		EB50AE7E18E63E2F0000C8A0 /* orange-large.png */ = {isa = PBXFileReference; lastKnownFileType = image.png; path = "orange-large.png"; sourceTree = "<group>"; };
		EB50AE7F18E63E2F0000C8A0 /* pink-large.png */ = {isa = PBXFileReference; lastKnownFileType = image.png; path = "pink-large.png"; sourceTree = "<group>"; };
		EB50AE8018E63E2F0000C8A0 /* plane.png */ = {isa = PBXFileReference; lastKnownFileType = image.png; path = plane.png; sourceTree = "<group>"; };
		EB50AE8118E63E2F0000C8A0 /* plane2.png */ = {isa = PBXFileReference; lastKnownFileType = image.png; path = plane2.png; sourceTree = "<group>"; };
		EB50AE8218E63E2F0000C8A0 /* plane3.png */ = {isa = PBXFileReference; lastKnownFileType = image.png; path = plane3.png; sourceTree = "<group>"; };
		EB50AE8318E63E2F0000C8A0 /* spaceship.png */ = {isa = PBXFileReference; lastKnownFileType = image.png; path = spaceship.png; sourceTree = "<group>"; };
		EB50AE8418E63E2F0000C8A0 /* tree.png */ = {isa = PBXFileReference; lastKnownFileType = image.png; path = tree.png; sourceTree = "<group>"; };
		EB50AE8518E63E2F0000C8A0 /* tree1.png */ = {isa = PBXFileReference; lastKnownFileType = image.png; path = tree1.png; sourceTree = "<group>"; };
		EB50AE8618E63E2F0000C8A0 /* Untitled-1.psd */ = {isa = PBXFileReference; lastKnownFileType = file; path = "Untitled-1.psd"; sourceTree = "<group>"; };
		EB50AE8718E63E2F0000C8A0 /* with-rainbow.png */ = {isa = PBXFileReference; lastKnownFileType = image.png; path = "with-rainbow.png"; sourceTree = "<group>"; };
		EB5D904518D7E64200E8BE1B /* CoreData.framework */ = {isa = PBXFileReference; lastKnownFileType = wrapper.framework; name = CoreData.framework; path = System/Library/Frameworks/CoreData.framework; sourceTree = SDKROOT; };
		EB5D904818D7E66C00E8BE1B /* CoreDataModel.xcdatamodel */ = {isa = PBXFileReference; lastKnownFileType = wrapper.xcdatamodel; path = CoreDataModel.xcdatamodel; sourceTree = "<group>"; };
		EB5D906F18DAA22A00E8BE1B /* black.png */ = {isa = PBXFileReference; lastKnownFileType = image.png; path = black.png; sourceTree = "<group>"; };
		EB5D907018DAA22A00E8BE1B /* cloud-1.png */ = {isa = PBXFileReference; lastKnownFileType = image.png; path = "cloud-1.png"; sourceTree = "<group>"; };
		EB5D907118DAA22A00E8BE1B /* cloud-2.png */ = {isa = PBXFileReference; lastKnownFileType = image.png; path = "cloud-2.png"; sourceTree = "<group>"; };
		EB5D907218DAA22A00E8BE1B /* cloud-3.png */ = {isa = PBXFileReference; lastKnownFileType = image.png; path = "cloud-3.png"; sourceTree = "<group>"; };
		EB5D907318DAA22A00E8BE1B /* cloud-4.png */ = {isa = PBXFileReference; lastKnownFileType = image.png; path = "cloud-4.png"; sourceTree = "<group>"; };
		EB5D907418DAA22A00E8BE1B /* orange.png */ = {isa = PBXFileReference; lastKnownFileType = image.png; path = orange.png; sourceTree = "<group>"; };
		EB5D907518DAA22A00E8BE1B /* pink.png */ = {isa = PBXFileReference; lastKnownFileType = image.png; path = pink.png; sourceTree = "<group>"; };
		EB5D907618DAA22A00E8BE1B /* sky.png */ = {isa = PBXFileReference; lastKnownFileType = image.png; path = sky.png; sourceTree = "<group>"; };
		EB5D907F18DBFECF00E8BE1B /* Help_GameViewController.h */ = {isa = PBXFileReference; fileEncoding = 4; lastKnownFileType = sourcecode.c.h; path = Help_GameViewController.h; sourceTree = "<group>"; };
		EB5D908018DBFECF00E8BE1B /* Help_GameViewController.m */ = {isa = PBXFileReference; fileEncoding = 4; lastKnownFileType = sourcecode.c.objc; path = Help_GameViewController.m; sourceTree = "<group>"; };
		EB5D908318DCD21D00E8BE1B /* Help_AchievementsViewController.h */ = {isa = PBXFileReference; fileEncoding = 4; lastKnownFileType = sourcecode.c.h; path = Help_AchievementsViewController.h; sourceTree = "<group>"; };
		EB5D908418DCD21D00E8BE1B /* Help_AchievementsViewController.m */ = {isa = PBXFileReference; fileEncoding = 4; lastKnownFileType = sourcecode.c.objc; path = Help_AchievementsViewController.m; sourceTree = "<group>"; };
		EB5D908718DCD22F00E8BE1B /* Help_FacebookViewController.h */ = {isa = PBXFileReference; fileEncoding = 4; lastKnownFileType = sourcecode.c.h; path = Help_FacebookViewController.h; sourceTree = "<group>"; };
		EB5D908818DCD22F00E8BE1B /* Help_FacebookViewController.m */ = {isa = PBXFileReference; fileEncoding = 4; lastKnownFileType = sourcecode.c.objc; path = Help_FacebookViewController.m; sourceTree = "<group>"; };
		EB5D908B18DD226000E8BE1B /* Help_QuestionViewController.h */ = {isa = PBXFileReference; fileEncoding = 4; lastKnownFileType = sourcecode.c.h; path = Help_QuestionViewController.h; sourceTree = "<group>"; };
		EB5D908C18DD226000E8BE1B /* Help_QuestionViewController.m */ = {isa = PBXFileReference; fileEncoding = 4; lastKnownFileType = sourcecode.c.objc; path = Help_QuestionViewController.m; sourceTree = "<group>"; };
		EB96184F18BC45BA0047862A /* TestViewController.h */ = {isa = PBXFileReference; fileEncoding = 4; lastKnownFileType = sourcecode.c.h; path = TestViewController.h; sourceTree = "<group>"; };
		EB96185018BC45BA0047862A /* TestViewController.m */ = {isa = PBXFileReference; fileEncoding = 4; lastKnownFileType = sourcecode.c.objc; path = TestViewController.m; sourceTree = "<group>"; };
		EB96185E18C8180B0047862A /* help-icon1.png */ = {isa = PBXFileReference; lastKnownFileType = image.png; path = "help-icon1.png"; sourceTree = "<group>"; };
		EB96185F18C8180B0047862A /* home-icon.png */ = {isa = PBXFileReference; lastKnownFileType = image.png; path = "home-icon.png"; sourceTree = "<group>"; };
		EB96186018C8180B0047862A /* profile-icon.png */ = {isa = PBXFileReference; lastKnownFileType = image.png; path = "profile-icon.png"; sourceTree = "<group>"; };
		EB96186118C8180B0047862A /* setting-icon.png */ = {isa = PBXFileReference; lastKnownFileType = image.png; path = "setting-icon.png"; sourceTree = "<group>"; };
		EB96186218C8180B0047862A /* tatistic-icon.png */ = {isa = PBXFileReference; lastKnownFileType = image.png; path = "tatistic-icon.png"; sourceTree = "<group>"; };
		EB96186818C81AF10047862A /* award-icon.png */ = {isa = PBXFileReference; lastKnownFileType = image.png; path = "award-icon.png"; sourceTree = "<group>"; };
		EB96186A18C820F80047862A /* AwardsViewController.h */ = {isa = PBXFileReference; fileEncoding = 4; lastKnownFileType = sourcecode.c.h; path = AwardsViewController.h; sourceTree = "<group>"; };
		EB96186B18C820F80047862A /* AwardsViewController.m */ = {isa = PBXFileReference; fileEncoding = 4; lastKnownFileType = sourcecode.c.objc; path = AwardsViewController.m; sourceTree = "<group>"; };
		EB96186D18C821C80047862A /* StatusViewController.h */ = {isa = PBXFileReference; fileEncoding = 4; lastKnownFileType = sourcecode.c.h; path = StatusViewController.h; sourceTree = "<group>"; };
		EB96186E18C821C80047862A /* StatusViewController.m */ = {isa = PBXFileReference; fileEncoding = 4; lastKnownFileType = sourcecode.c.objc; path = StatusViewController.m; sourceTree = "<group>"; };
		EB9B1874189A1F51001E9D60 /* Friend Quiz.app */ = {isa = PBXFileReference; explicitFileType = wrapper.application; includeInIndex = 0; path = "Friend Quiz.app"; sourceTree = BUILT_PRODUCTS_DIR; };
		EB9B1877189A1F51001E9D60 /* Foundation.framework */ = {isa = PBXFileReference; lastKnownFileType = wrapper.framework; name = Foundation.framework; path = System/Library/Frameworks/Foundation.framework; sourceTree = SDKROOT; };
		EB9B1879189A1F51001E9D60 /* CoreGraphics.framework */ = {isa = PBXFileReference; lastKnownFileType = wrapper.framework; name = CoreGraphics.framework; path = System/Library/Frameworks/CoreGraphics.framework; sourceTree = SDKROOT; };
		EB9B187B189A1F51001E9D60 /* UIKit.framework */ = {isa = PBXFileReference; lastKnownFileType = wrapper.framework; name = UIKit.framework; path = System/Library/Frameworks/UIKit.framework; sourceTree = SDKROOT; };
		EB9B187F189A1F51001E9D60 /* Friend Quiz-Info.plist */ = {isa = PBXFileReference; lastKnownFileType = text.plist.xml; path = "Friend Quiz-Info.plist"; sourceTree = "<group>"; };
		EB9B1881189A1F51001E9D60 /* en */ = {isa = PBXFileReference; lastKnownFileType = text.plist.strings; name = en; path = en.lproj/InfoPlist.strings; sourceTree = "<group>"; };
		EB9B1883189A1F51001E9D60 /* main.m */ = {isa = PBXFileReference; lastKnownFileType = sourcecode.c.objc; path = main.m; sourceTree = "<group>"; };
		EB9B1885189A1F51001E9D60 /* Friend Quiz-Prefix.pch */ = {isa = PBXFileReference; lastKnownFileType = sourcecode.c.h; path = "Friend Quiz-Prefix.pch"; sourceTree = "<group>"; };
		EB9B1886189A1F52001E9D60 /* INFO_4290_Final_ProjectAppDelegate.h */ = {isa = PBXFileReference; lastKnownFileType = sourcecode.c.h; path = INFO_4290_Final_ProjectAppDelegate.h; sourceTree = "<group>"; };
		EB9B1887189A1F52001E9D60 /* INFO_4290_Final_ProjectAppDelegate.m */ = {isa = PBXFileReference; lastKnownFileType = sourcecode.c.objc; path = INFO_4290_Final_ProjectAppDelegate.m; sourceTree = "<group>"; };
		EB9B188A189A1F52001E9D60 /* Base */ = {isa = PBXFileReference; lastKnownFileType = file.storyboard; name = Base; path = Base.lproj/Main.storyboard; sourceTree = "<group>"; };
		EB9B188C189A1F52001E9D60 /* INFO_4290_Final_ProjectViewController.h */ = {isa = PBXFileReference; lastKnownFileType = sourcecode.c.h; path = INFO_4290_Final_ProjectViewController.h; sourceTree = "<group>"; };
		EB9B188D189A1F52001E9D60 /* INFO_4290_Final_ProjectViewController.m */ = {isa = PBXFileReference; lastKnownFileType = sourcecode.c.objc; path = INFO_4290_Final_ProjectViewController.m; sourceTree = "<group>"; };
		EB9B188F189A1F52001E9D60 /* Images.xcassets */ = {isa = PBXFileReference; lastKnownFileType = folder.assetcatalog; path = Images.xcassets; sourceTree = "<group>"; };
		EB9B1895189A1F52001E9D60 /* Friend QuizTests.xctest */ = {isa = PBXFileReference; explicitFileType = wrapper.cfbundle; includeInIndex = 0; path = "Friend QuizTests.xctest"; sourceTree = BUILT_PRODUCTS_DIR; };
		EB9B1896189A1F52001E9D60 /* XCTest.framework */ = {isa = PBXFileReference; lastKnownFileType = wrapper.framework; name = XCTest.framework; path = Library/Frameworks/XCTest.framework; sourceTree = DEVELOPER_DIR; };
		EB9B189E189A1F52001E9D60 /* Friend QuizTests-Info.plist */ = {isa = PBXFileReference; lastKnownFileType = text.plist.xml; path = "Friend QuizTests-Info.plist"; sourceTree = "<group>"; };
		EB9B18A0189A1F52001E9D60 /* en */ = {isa = PBXFileReference; lastKnownFileType = text.plist.strings; name = en; path = en.lproj/InfoPlist.strings; sourceTree = "<group>"; };
		EB9B18A2189A1F52001E9D60 /* Friend_QuizTests.m */ = {isa = PBXFileReference; lastKnownFileType = sourcecode.c.objc; path = Friend_QuizTests.m; sourceTree = "<group>"; };
		EBA5EF0E18A9E4D400493FBF /* MainMenuViewController.h */ = {isa = PBXFileReference; fileEncoding = 4; lastKnownFileType = sourcecode.c.h; path = MainMenuViewController.h; sourceTree = "<group>"; };
		EBA5EF0F18A9E4D400493FBF /* MainMenuViewController.m */ = {isa = PBXFileReference; fileEncoding = 4; lastKnownFileType = sourcecode.c.objc; path = MainMenuViewController.m; sourceTree = "<group>"; };
		EBA5EF1418ADB97200493FBF /* SideMenuViewController.h */ = {isa = PBXFileReference; fileEncoding = 4; lastKnownFileType = sourcecode.c.h; path = SideMenuViewController.h; sourceTree = "<group>"; };
		EBA5EF1518ADB97200493FBF /* SideMenuViewController.m */ = {isa = PBXFileReference; fileEncoding = 4; lastKnownFileType = sourcecode.c.objc; path = SideMenuViewController.m; sourceTree = "<group>"; };
		EBA5EF1E18ADC49000493FBF /* MainViewController.h */ = {isa = PBXFileReference; fileEncoding = 4; lastKnownFileType = sourcecode.c.h; name = MainViewController.h; path = ../MainViewController.h; sourceTree = "<group>"; };
		EBA5EF1F18ADC49000493FBF /* MainViewController.m */ = {isa = PBXFileReference; fileEncoding = 4; lastKnownFileType = sourcecode.c.objc; name = MainViewController.m; path = ../MainViewController.m; sourceTree = "<group>"; };
		EBA5EF2118B161CC00493FBF /* SWRevealViewController.h */ = {isa = PBXFileReference; fileEncoding = 4; lastKnownFileType = sourcecode.c.h; path = SWRevealViewController.h; sourceTree = "<group>"; };
		EBA5EF2218B161CC00493FBF /* SWRevealViewController.m */ = {isa = PBXFileReference; fileEncoding = 4; lastKnownFileType = sourcecode.c.objc; path = SWRevealViewController.m; sourceTree = "<group>"; };
		EBA5EF2E18B5CD4F00493FBF /* SettingsViewController.h */ = {isa = PBXFileReference; fileEncoding = 4; lastKnownFileType = sourcecode.c.h; path = SettingsViewController.h; sourceTree = "<group>"; };
		EBA5EF2F18B5CD4F00493FBF /* SettingsViewController.m */ = {isa = PBXFileReference; fileEncoding = 4; lastKnownFileType = sourcecode.c.objc; path = SettingsViewController.m; sourceTree = "<group>"; };
		EBA5EF3118B5CD6100493FBF /* MyProfileViewController.h */ = {isa = PBXFileReference; fileEncoding = 4; lastKnownFileType = sourcecode.c.h; path = MyProfileViewController.h; sourceTree = "<group>"; };
		EBA5EF3218B5CD6100493FBF /* MyProfileViewController.m */ = {isa = PBXFileReference; fileEncoding = 4; lastKnownFileType = sourcecode.c.objc; path = MyProfileViewController.m; sourceTree = "<group>"; };
		EBA5EF3418B5CD6E00493FBF /* HelpMenuViewController.h */ = {isa = PBXFileReference; fileEncoding = 4; lastKnownFileType = sourcecode.c.h; path = HelpMenuViewController.h; sourceTree = "<group>"; };
		EBA5EF3518B5CD6E00493FBF /* HelpMenuViewController.m */ = {isa = PBXFileReference; fileEncoding = 4; lastKnownFileType = sourcecode.c.objc; path = HelpMenuViewController.m; sourceTree = "<group>"; };
		EBA5EF3818B5CE7900493FBF /* menu.png */ = {isa = PBXFileReference; lastKnownFileType = image.png; path = menu.png; sourceTree = "<group>"; };
		EBB7B08818F50EF1002AE5BA /* bluecircle.png */ = {isa = PBXFileReference; lastKnownFileType = image.png; path = bluecircle.png; sourceTree = "<group>"; };
		EBB7B08918F50EF1002AE5BA /* coverimage-facebokk.png */ = {isa = PBXFileReference; lastKnownFileType = image.png; path = "coverimage-facebokk.png"; sourceTree = "<group>"; };
		EBB7B08A18F50EF1002AE5BA /* coverimage.png */ = {isa = PBXFileReference; lastKnownFileType = image.png; path = coverimage.png; sourceTree = "<group>"; };
		EBB7B08B18F50EF1002AE5BA /* fireball.png */ = {isa = PBXFileReference; lastKnownFileType = image.png; path = fireball.png; sourceTree = "<group>"; };
		EBB7B08C18F50EF1002AE5BA /* green.png */ = {isa = PBXFileReference; lastKnownFileType = image.png; path = green.png; sourceTree = "<group>"; };
		EBB7B08D18F50EF1002AE5BA /* greencircle.png */ = {isa = PBXFileReference; lastKnownFileType = image.png; path = greencircle.png; sourceTree = "<group>"; };
		EBB7B08E18F50EF1002AE5BA /* Icicles_.png */ = {isa = PBXFileReference; lastKnownFileType = image.png; path = Icicles_.png; sourceTree = "<group>"; };
		EBB7B08F18F50EF1002AE5BA /* sound-off.png */ = {isa = PBXFileReference; lastKnownFileType = image.png; path = "sound-off.png"; sourceTree = "<group>"; };
		EBB7B09018F50EF1002AE5BA /* soundon.png */ = {isa = PBXFileReference; lastKnownFileType = image.png; path = soundon.png; sourceTree = "<group>"; };
		EBB7B09118F50EF1002AE5BA /* webbanner.png */ = {isa = PBXFileReference; lastKnownFileType = image.png; path = webbanner.png; sourceTree = "<group>"; };
		EBB7B09D18F512C0002AE5BA /* greenBackground.png */ = {isa = PBXFileReference; lastKnownFileType = image.png; path = greenBackground.png; sourceTree = "<group>"; };
		EBB7B09F18F512CD002AE5BA /* pink-blueBackground.png */ = {isa = PBXFileReference; lastKnownFileType = image.png; path = "pink-blueBackground.png"; sourceTree = "<group>"; };
		EBB7B0A118F512E5002AE5BA /* pinkBackground.png */ = {isa = PBXFileReference; lastKnownFileType = image.png; path = pinkBackground.png; sourceTree = "<group>"; };
/* End PBXFileReference section */

/* Begin PBXFrameworksBuildPhase section */
		EB9B1871189A1F51001E9D60 /* Frameworks */ = {
			isa = PBXFrameworksBuildPhase;
			buildActionMask = 2147483647;
			files = (
				EB5D904618D7E64200E8BE1B /* CoreData.framework in Frameworks */,
				EB9B187A189A1F51001E9D60 /* CoreGraphics.framework in Frameworks */,
				7A6B724F18C991B5000D5ADB /* FacebookSDK.framework in Frameworks */,
				EB9B187C189A1F51001E9D60 /* UIKit.framework in Frameworks */,
				EB9B1878189A1F51001E9D60 /* Foundation.framework in Frameworks */,
			);
			runOnlyForDeploymentPostprocessing = 0;
		};
		EB9B1892189A1F52001E9D60 /* Frameworks */ = {
			isa = PBXFrameworksBuildPhase;
			buildActionMask = 2147483647;
			files = (
				EB9B1897189A1F52001E9D60 /* XCTest.framework in Frameworks */,
				EB9B1899189A1F52001E9D60 /* UIKit.framework in Frameworks */,
				EB9B1898189A1F52001E9D60 /* Foundation.framework in Frameworks */,
			);
			runOnlyForDeploymentPostprocessing = 0;
		};
/* End PBXFrameworksBuildPhase section */

/* Begin PBXGroup section */
		AA40887718F51F2A0001D4EC /* SBJson Classes */ = {
			isa = PBXGroup;
			children = (
				AA40887818F51F2A0001D4EC /* NSObject+SBJson.h */,
				AA40887918F51F2A0001D4EC /* NSObject+SBJson.m */,
				AA40887A18F51F2A0001D4EC /* SBJson.h */,
				AA40887B18F51F2A0001D4EC /* SBJsonParser.h */,
				AA40887C18F51F2A0001D4EC /* SBJsonParser.m */,
				AA40887D18F51F2A0001D4EC /* SBJsonStreamParser.h */,
				AA40887E18F51F2A0001D4EC /* SBJsonStreamParser.m */,
				AA40887F18F51F2A0001D4EC /* SBJsonStreamParserAccumulator.h */,
				AA40888018F51F2A0001D4EC /* SBJsonStreamParserAccumulator.m */,
				AA40888118F51F2A0001D4EC /* SBJsonStreamParserAdapter.h */,
				AA40888218F51F2A0001D4EC /* SBJsonStreamParserAdapter.m */,
				AA40888318F51F2A0001D4EC /* SBJsonStreamParserState.h */,
				AA40888418F51F2A0001D4EC /* SBJsonStreamParserState.m */,
				AA40888518F51F2A0001D4EC /* SBJsonStreamWriter.h */,
				AA40888618F51F2A0001D4EC /* SBJsonStreamWriter.m */,
				AA40888718F51F2A0001D4EC /* SBJsonStreamWriterAccumulator.h */,
				AA40888818F51F2A0001D4EC /* SBJsonStreamWriterAccumulator.m */,
				AA40888918F51F2A0001D4EC /* SBJsonStreamWriterState.h */,
				AA40888A18F51F2A0001D4EC /* SBJsonStreamWriterState.m */,
				AA40888B18F51F2A0001D4EC /* SBJsonTokeniser.h */,
				AA40888C18F51F2A0001D4EC /* SBJsonTokeniser.m */,
				AA40888D18F51F2A0001D4EC /* SBJsonUTF8Stream.h */,
				AA40888E18F51F2A0001D4EC /* SBJsonUTF8Stream.m */,
				AA40888F18F51F2A0001D4EC /* SBJsonWriter.h */,
				AA40889018F51F2A0001D4EC /* SBJsonWriter.m */,
			);
			path = "SBJson Classes";
			sourceTree = "<group>";
		};
		AA68478818E3CACF00278A5E /* app icon */ = {
			isa = PBXGroup;
			children = (
				AA68478918E3CACF00278A5E /* 120.png */,
				AA68478A18E3CACF00278A5E /* 58.png */,
				AA68478B18E3CACF00278A5E /* 80.png */,
				AA68478C18E3CACF00278A5E /* original.png */,
			);
			path = "app icon";
			sourceTree = "<group>";
		};
		AAAFBFC018DA56CF00D1029D /* JSONTouch */ = {
			isa = PBXGroup;
			children = (
				AAAFBFC118DA56CF00D1029D /* CJSONDeserializer.h */,
				AAAFBFC218DA56CF00D1029D /* CJSONDeserializer.m */,
				AAAFBFC318DA56CF00D1029D /* CJSONSerializer.h */,
				AAAFBFC418DA56CF00D1029D /* CJSONSerializer.m */,
				AAAFBFC518DA56CF00D1029D /* JSONRepresentation.h */,
				AAAFBFC618DA56CF00D1029D /* NSDictionary_JSONExtensions.h */,
				AAAFBFC718DA56CF00D1029D /* NSDictionary_JSONExtensions.m */,
			);
			path = JSONTouch;
			sourceTree = "<group>";
		};
		EB5D906E18DAA22A00E8BE1B /* graphic stuff 2 */ = {
			isa = PBXGroup;
			children = (
				EBB7B08818F50EF1002AE5BA /* bluecircle.png */,
				EBB7B08918F50EF1002AE5BA /* coverimage-facebokk.png */,
				EBB7B08A18F50EF1002AE5BA /* coverimage.png */,
				EBB7B08B18F50EF1002AE5BA /* fireball.png */,
				EBB7B08C18F50EF1002AE5BA /* green.png */,
				EBB7B08D18F50EF1002AE5BA /* greencircle.png */,
				EBB7B08E18F50EF1002AE5BA /* Icicles_.png */,
				EBB7B08F18F50EF1002AE5BA /* sound-off.png */,
				EBB7B09018F50EF1002AE5BA /* soundon.png */,
				EBB7B09118F50EF1002AE5BA /* webbanner.png */,
				EB50AE7518E63E2F0000C8A0 /* backgroungimage-l.png */,
				EB50AE7618E63E2F0000C8A0 /* balloon-with-stars.png */,
				EB50AE7718E63E2F0000C8A0 /* bg.png */,
				EB50AE7818E63E2F0000C8A0 /* black-large.png */,
				EB50AE7918E63E2F0000C8A0 /* clouds-2.png */,
				EB50AE7A18E63E2F0000C8A0 /* clouds.png */,
				EB50AE7B18E63E2F0000C8A0 /* green-large.png */,
				EB50AE7C18E63E2F0000C8A0 /* landscape.jpg */,
				EB50AE7D18E63E2F0000C8A0 /* moon.PNG */,
				EB50AE7E18E63E2F0000C8A0 /* orange-large.png */,
				EB50AE7F18E63E2F0000C8A0 /* pink-large.png */,
				EB50AE8018E63E2F0000C8A0 /* plane.png */,
				EB50AE8118E63E2F0000C8A0 /* plane2.png */,
				EB50AE8218E63E2F0000C8A0 /* plane3.png */,
				EB50AE8318E63E2F0000C8A0 /* spaceship.png */,
				EB50AE8418E63E2F0000C8A0 /* tree.png */,
				EB50AE8518E63E2F0000C8A0 /* tree1.png */,
				EB50AE8618E63E2F0000C8A0 /* Untitled-1.psd */,
				EB50AE8718E63E2F0000C8A0 /* with-rainbow.png */,
				EB5D906F18DAA22A00E8BE1B /* black.png */,
				EB5D907018DAA22A00E8BE1B /* cloud-1.png */,
				EB5D907118DAA22A00E8BE1B /* cloud-2.png */,
				EB5D907218DAA22A00E8BE1B /* cloud-3.png */,
				EB5D907318DAA22A00E8BE1B /* cloud-4.png */,
				EB5D907418DAA22A00E8BE1B /* orange.png */,
				EB5D907518DAA22A00E8BE1B /* pink.png */,
				EB5D907618DAA22A00E8BE1B /* sky.png */,
			);
			path = "graphic stuff 2";
			sourceTree = "<group>";
		};
		EB96185D18C8180B0047862A /* icons */ = {
			isa = PBXGroup;
			children = (
				EB50AE7318E633AD0000C8A0 /* fire */,
				EB96186818C81AF10047862A /* award-icon.png */,
				EB96185E18C8180B0047862A /* help-icon1.png */,
				EB96185F18C8180B0047862A /* home-icon.png */,
				EB96186018C8180B0047862A /* profile-icon.png */,
				EB96186118C8180B0047862A /* setting-icon.png */,
				EB96186218C8180B0047862A /* tatistic-icon.png */,
			);
			path = icons;
			sourceTree = "<group>";
		};
		EB96187018C821DC0047862A /* ViewControllers */ = {
			isa = PBXGroup;
			children = (
				EB9B1889189A1F52001E9D60 /* Main.storyboard */,
				EB5D908B18DD226000E8BE1B /* Help_QuestionViewController.h */,
				EB5D908C18DD226000E8BE1B /* Help_QuestionViewController.m */,
				EB5D908318DCD21D00E8BE1B /* Help_AchievementsViewController.h */,
				EB5D908418DCD21D00E8BE1B /* Help_AchievementsViewController.m */,
				EB5D908718DCD22F00E8BE1B /* Help_FacebookViewController.h */,
				EB5D908818DCD22F00E8BE1B /* Help_FacebookViewController.m */,
				EB5D907F18DBFECF00E8BE1B /* Help_GameViewController.h */,
				EB5D908018DBFECF00E8BE1B /* Help_GameViewController.m */,
				EBA5EF3418B5CD6E00493FBF /* HelpMenuViewController.h */,
				EBA5EF3518B5CD6E00493FBF /* HelpMenuViewController.m */,
				AAAFBFCB18DA5D7E00D1029D /* PrepareForAnswerQuestionViewController.h */,
				AAAFBFCC18DA5D7E00D1029D /* PrepareForAnswerQuestionViewController.m */,
				AAC95D4F18BEC159003D72F9 /* AnswerQuestionViewController.h */,
				AAC95D5018BEC159003D72F9 /* AnswerQuestionViewController.m */,
				AAC95D4C18BEBF17003D72F9 /* GameResultViewController.h */,
				AAC95D4D18BEBF17003D72F9 /* GameResultViewController.m */,
				AAD1949E18AC572500116E23 /* SendRequestViewController.h */,
				AAD1949F18AC572500116E23 /* SendRequestViewController.m */,
				AAD1945118AC452D00116E23 /* EditQuestionViewController.h */,
				AAD1945218AC452D00116E23 /* EditQuestionViewController.m */,
				AAD1944E18AC440700116E23 /* PackSelectViewController.h */,
				AAD1944F18AC440700116E23 /* PackSelectViewController.m */,
				EBA5EF1E18ADC49000493FBF /* MainViewController.h */,
				EBA5EF1F18ADC49000493FBF /* MainViewController.m */,
				EB96186D18C821C80047862A /* StatusViewController.h */,
				EB96186E18C821C80047862A /* StatusViewController.m */,
				EB96186A18C820F80047862A /* AwardsViewController.h */,
				EB96186B18C820F80047862A /* AwardsViewController.m */,
				EBA5EF2E18B5CD4F00493FBF /* SettingsViewController.h */,
				EBA5EF2F18B5CD4F00493FBF /* SettingsViewController.m */,
				EBA5EF3118B5CD6100493FBF /* MyProfileViewController.h */,
				EBA5EF3218B5CD6100493FBF /* MyProfileViewController.m */,
				EBA5EF0E18A9E4D400493FBF /* MainMenuViewController.h */,
				EBA5EF0F18A9E4D400493FBF /* MainMenuViewController.m */,
				EBA5EF1418ADB97200493FBF /* SideMenuViewController.h */,
				EBA5EF1518ADB97200493FBF /* SideMenuViewController.m */,
				EB96184F18BC45BA0047862A /* TestViewController.h */,
				EB96185018BC45BA0047862A /* TestViewController.m */,
				EBA5EF2118B161CC00493FBF /* SWRevealViewController.h */,
				EBA5EF2218B161CC00493FBF /* SWRevealViewController.m */,
			);
			name = ViewControllers;
			sourceTree = "<group>";
		};
		EB9B186B189A1F50001E9D60 = {
			isa = PBXGroup;
			children = (
				EB5D904718D7E66C00E8BE1B /* CoreDataModel.xcdatamodeld */,
				EB9B187D189A1F51001E9D60 /* Friend Quiz */,
				EB9B189C189A1F52001E9D60 /* Friend QuizTests */,
				EB9B1876189A1F51001E9D60 /* Frameworks */,
				EB9B1875189A1F51001E9D60 /* Products */,
			);
			sourceTree = "<group>";
		};
		EB9B1875189A1F51001E9D60 /* Products */ = {
			isa = PBXGroup;
			children = (
				EB9B1874189A1F51001E9D60 /* Friend Quiz.app */,
				EB9B1895189A1F52001E9D60 /* Friend QuizTests.xctest */,
			);
			name = Products;
			sourceTree = "<group>";
		};
		EB9B1876189A1F51001E9D60 /* Frameworks */ = {
			isa = PBXGroup;
			children = (
				EB5D904518D7E64200E8BE1B /* CoreData.framework */,
				7A6B724E18C991B5000D5ADB /* FacebookSDK.framework */,
				EB9B1877189A1F51001E9D60 /* Foundation.framework */,
				EB9B1879189A1F51001E9D60 /* CoreGraphics.framework */,
				EB9B187B189A1F51001E9D60 /* UIKit.framework */,
				EB9B1896189A1F52001E9D60 /* XCTest.framework */,
			);
			name = Frameworks;
			sourceTree = "<group>";
		};
		EB9B187D189A1F51001E9D60 /* Friend Quiz */ = {
			isa = PBXGroup;
			children = (
				EBA5EF1718ADC22900493FBF /* Libraries */,
				AA40887718F51F2A0001D4EC /* SBJson Classes */,
				AAAFBFC018DA56CF00D1029D /* JSONTouch */,
				EB9B1886189A1F52001E9D60 /* INFO_4290_Final_ProjectAppDelegate.h */,
				EB9B1887189A1F52001E9D60 /* INFO_4290_Final_ProjectAppDelegate.m */,
				AAC95D4918BEACD6003D72F9 /* ExternalQuestionPack.h */,
				AAC95D4A18BEACD6003D72F9 /* ExternalQuestionPack.m */,
				AAD1944B18AC39D600116E23 /* QuestionPack.h */,
				AAD1944C18AC39D600116E23 /* QuestionPack.m */,
				EB9B188C189A1F52001E9D60 /* INFO_4290_Final_ProjectViewController.h */,
				EB9B188D189A1F52001E9D60 /* INFO_4290_Final_ProjectViewController.m */,
				7A14A318189B7029008FAEC7 /* GameStart.h */,
				7A14A319189B7029008FAEC7 /* GameStart.m */,
				7AF8C864189B77C30098E573 /* ChooseQuestionPacks.h */,
				7AF8C865189B77C30098E573 /* ChooseQuestionPacks.m */,
				7AF8C86A189B7AC30098E573 /* AnswerQuestions.h */,
				7AF8C86B189B7AC30098E573 /* AnswerQuestions.m */,
				7AFEE0A5189C4F8E00D84FA3 /* Helppage.h */,
				7AFEE0A6189C4F8E00D84FA3 /* Helppage.m */,
				7AFEE0A8189C58DA00D84FA3 /* Category.h */,
				7AFEE0A9189C58DA00D84FA3 /* Category.m */,
				7AFEE0AB189C591900D84FA3 /* question.h */,
				7AFEE0AC189C591900D84FA3 /* question.m */,
				7AFEE0AE189C5AF500D84FA3 /* CategoryTV.h */,
				7AFEE0AF189C5AF500D84FA3 /* CategoryTV.m */,
				7AFEE0B1189C5C5D00D84FA3 /* Sendrequest.h */,
				7AFEE0B2189C5C5D00D84FA3 /* Sendrequest.m */,
				EB9B188F189A1F52001E9D60 /* Images.xcassets */,
				EB9B187E189A1F51001E9D60 /* Supporting Files */,
			);
			path = "Friend Quiz";
			sourceTree = "<group>";
		};
		EB9B187E189A1F51001E9D60 /* Supporting Files */ = {
			isa = PBXGroup;
			children = (
				EB9B187F189A1F51001E9D60 /* Friend Quiz-Info.plist */,
				EB9B1880189A1F51001E9D60 /* InfoPlist.strings */,
				EB9B1883189A1F51001E9D60 /* main.m */,
				EB9B1885189A1F51001E9D60 /* Friend Quiz-Prefix.pch */,
			);
			name = "Supporting Files";
			sourceTree = "<group>";
		};
		EB9B189C189A1F52001E9D60 /* Friend QuizTests */ = {
			isa = PBXGroup;
			children = (
				EB9B18A2189A1F52001E9D60 /* Friend_QuizTests.m */,
				EB9B189D189A1F52001E9D60 /* Supporting Files */,
			);
			path = "Friend QuizTests";
			sourceTree = "<group>";
		};
		EB9B189D189A1F52001E9D60 /* Supporting Files */ = {
			isa = PBXGroup;
			children = (
				EB9B189E189A1F52001E9D60 /* Friend QuizTests-Info.plist */,
				EB9B189F189A1F52001E9D60 /* InfoPlist.strings */,
			);
			name = "Supporting Files";
			sourceTree = "<group>";
		};
		EBA5EF1718ADC22900493FBF /* Libraries */ = {
			isa = PBXGroup;
			children = (
				EB96187018C821DC0047862A /* ViewControllers */,
				EBA5EF3718B5CE6000493FBF /* Images */,
			);
			name = Libraries;
			sourceTree = "<group>";
		};
		EBA5EF3718B5CE6000493FBF /* Images */ = {
			isa = PBXGroup;
			children = (
				EBB7B09C18F512A5002AE5BA /* BackgroundImages */,
				AA68478818E3CACF00278A5E /* app icon */,
				EB5D906E18DAA22A00E8BE1B /* graphic stuff 2 */,
				7AFEE0A3189C4D0600D84FA3 /* defaultBackground.png */,
				EB96185D18C8180B0047862A /* icons */,
				EBA5EF3818B5CE7900493FBF /* menu.png */,
			);
			name = Images;
			sourceTree = "<group>";
		};
		EBB7B09C18F512A5002AE5BA /* BackgroundImages */ = {
			isa = PBXGroup;
			children = (
				EBB7B0A118F512E5002AE5BA /* pinkBackground.png */,
				EBB7B09F18F512CD002AE5BA /* pink-blueBackground.png */,
				EBB7B09D18F512C0002AE5BA /* greenBackground.png */,
			);
			name = BackgroundImages;
			sourceTree = "<group>";
		};
/* End PBXGroup section */

/* Begin PBXNativeTarget section */
		EB9B1873189A1F51001E9D60 /* Friend Quiz */ = {
			isa = PBXNativeTarget;
			buildConfigurationList = EB9B18A6189A1F52001E9D60 /* Build configuration list for PBXNativeTarget "Friend Quiz" */;
			buildPhases = (
				EB9B1870189A1F51001E9D60 /* Sources */,
				EB9B1871189A1F51001E9D60 /* Frameworks */,
				EB9B1872189A1F51001E9D60 /* Resources */,
			);
			buildRules = (
			);
			dependencies = (
			);
			name = "Friend Quiz";
			productName = "Friend Quiz";
			productReference = EB9B1874189A1F51001E9D60 /* Friend Quiz.app */;
			productType = "com.apple.product-type.application";
		};
		EB9B1894189A1F52001E9D60 /* Friend QuizTests */ = {
			isa = PBXNativeTarget;
			buildConfigurationList = EB9B18A9189A1F52001E9D60 /* Build configuration list for PBXNativeTarget "Friend QuizTests" */;
			buildPhases = (
				EB9B1891189A1F52001E9D60 /* Sources */,
				EB9B1892189A1F52001E9D60 /* Frameworks */,
				EB9B1893189A1F52001E9D60 /* Resources */,
			);
			buildRules = (
			);
			dependencies = (
				EB9B189B189A1F52001E9D60 /* PBXTargetDependency */,
			);
			name = "Friend QuizTests";
			productName = "Friend QuizTests";
			productReference = EB9B1895189A1F52001E9D60 /* Friend QuizTests.xctest */;
			productType = "com.apple.product-type.bundle.unit-test";
		};
/* End PBXNativeTarget section */

/* Begin PBXProject section */
		EB9B186C189A1F51001E9D60 /* Project object */ = {
			isa = PBXProject;
			attributes = {
				CLASSPREFIX = "INFO 4290 Final Project";
				LastUpgradeCheck = 0500;
				ORGANIZATIONNAME = "Christian Retureta";
				TargetAttributes = {
					EB9B1894189A1F52001E9D60 = {
						TestTargetID = EB9B1873189A1F51001E9D60;
					};
				};
			};
			buildConfigurationList = EB9B186F189A1F51001E9D60 /* Build configuration list for PBXProject "Friend Quiz" */;
			compatibilityVersion = "Xcode 3.2";
			developmentRegion = English;
			hasScannedForEncodings = 0;
			knownRegions = (
				en,
				Base,
				he,
			);
			mainGroup = EB9B186B189A1F50001E9D60;
			productRefGroup = EB9B1875189A1F51001E9D60 /* Products */;
			projectDirPath = "";
			projectRoot = "";
			targets = (
				EB9B1873189A1F51001E9D60 /* Friend Quiz */,
				EB9B1894189A1F52001E9D60 /* Friend QuizTests */,
			);
		};
/* End PBXProject section */

/* Begin PBXResourcesBuildPhase section */
		EB9B1872189A1F51001E9D60 /* Resources */ = {
			isa = PBXResourcesBuildPhase;
			buildActionMask = 2147483647;
			files = (
				EB5D907C18DAA22A00E8BE1B /* orange.png in Resources */,
				AA68478E18E3CACF00278A5E /* 58.png in Resources */,
				EB96186918C81AF10047862A /* award-icon.png in Resources */,
				EBB7B09718F50EF1002AE5BA /* greencircle.png in Resources */,
				EBB7B09318F50EF1002AE5BA /* coverimage-facebokk.png in Resources */,
				7AFEE0A4189C4D0600D84FA3 /* defaultBackground.png in Resources */,
				EBB7B09418F50EF1002AE5BA /* coverimage.png in Resources */,
				EBB7B0A018F512CD002AE5BA /* pink-blueBackground.png in Resources */,
				EB96186618C8180C0047862A /* setting-icon.png in Resources */,
				EB50AE9818E63E2F0000C8A0 /* tree1.png in Resources */,
				EB96186418C8180C0047862A /* home-icon.png in Resources */,
				EB50AE9618E63E2F0000C8A0 /* spaceship.png in Resources */,
				EB96186518C8180C0047862A /* profile-icon.png in Resources */,
				EB50AE8F18E63E2F0000C8A0 /* landscape.jpg in Resources */,
				AA68478F18E3CACF00278A5E /* 80.png in Resources */,
				EBB7B09818F50EF1002AE5BA /* Icicles_.png in Resources */,
				EB50AE9418E63E2F0000C8A0 /* plane2.png in Resources */,
				EB50AE9718E63E2F0000C8A0 /* tree.png in Resources */,
				EB50AE9218E63E2F0000C8A0 /* pink-large.png in Resources */,
				EB50AE9918E63E2F0000C8A0 /* Untitled-1.psd in Resources */,
				EB5D907718DAA22A00E8BE1B /* black.png in Resources */,
				EB5D907B18DAA22A00E8BE1B /* cloud-4.png in Resources */,
				EB50AE7418E633AE0000C8A0 /* fire in Resources */,
				EBA5EF3918B5CE7900493FBF /* menu.png in Resources */,
				EBB7B09218F50EF1002AE5BA /* bluecircle.png in Resources */,
				EBB7B09518F50EF1002AE5BA /* fireball.png in Resources */,
				EBB7B09B18F50EF1002AE5BA /* webbanner.png in Resources */,
				EB50AE8C18E63E2F0000C8A0 /* clouds-2.png in Resources */,
				EB50AE8D18E63E2F0000C8A0 /* clouds.png in Resources */,
				EB9B1890189A1F52001E9D60 /* Images.xcassets in Resources */,
				EB9B1882189A1F51001E9D60 /* InfoPlist.strings in Resources */,
				EB5D907D18DAA22A00E8BE1B /* pink.png in Resources */,
				EB50AE8E18E63E2F0000C8A0 /* green-large.png in Resources */,
				EB9B188B189A1F52001E9D60 /* Main.storyboard in Resources */,
				EB5D907818DAA22A00E8BE1B /* cloud-1.png in Resources */,
				EB50AE9A18E63E2F0000C8A0 /* with-rainbow.png in Resources */,
				EB50AE8918E63E2F0000C8A0 /* balloon-with-stars.png in Resources */,
				EBB7B0A218F512E5002AE5BA /* pinkBackground.png in Resources */,
				EB50AE8818E63E2F0000C8A0 /* backgroungimage-l.png in Resources */,
				EBB7B09A18F50EF1002AE5BA /* soundon.png in Resources */,
				EB50AE8B18E63E2F0000C8A0 /* black-large.png in Resources */,
				EBB7B09E18F512C0002AE5BA /* greenBackground.png in Resources */,
				EB96186318C8180C0047862A /* help-icon1.png in Resources */,
				EB50AE9018E63E2F0000C8A0 /* moon.PNG in Resources */,
				EB50AE8A18E63E2F0000C8A0 /* bg.png in Resources */,
				EB5D907918DAA22A00E8BE1B /* cloud-2.png in Resources */,
				EB96186718C8180C0047862A /* tatistic-icon.png in Resources */,
				AA68478D18E3CACF00278A5E /* 120.png in Resources */,
				EB5D907E18DAA22A00E8BE1B /* sky.png in Resources */,
				EB50AE9318E63E2F0000C8A0 /* plane.png in Resources */,
				EB50AE9118E63E2F0000C8A0 /* orange-large.png in Resources */,
				EB5D907A18DAA22A00E8BE1B /* cloud-3.png in Resources */,
				EBB7B09618F50EF1002AE5BA /* green.png in Resources */,
				EBB7B09918F50EF1002AE5BA /* sound-off.png in Resources */,
				EB50AE9518E63E2F0000C8A0 /* plane3.png in Resources */,
				AA68479018E3CACF00278A5E /* original.png in Resources */,
			);
			runOnlyForDeploymentPostprocessing = 0;
		};
		EB9B1893189A1F52001E9D60 /* Resources */ = {
			isa = PBXResourcesBuildPhase;
			buildActionMask = 2147483647;
			files = (
				EB9B18A1189A1F52001E9D60 /* InfoPlist.strings in Resources */,
			);
			runOnlyForDeploymentPostprocessing = 0;
		};
/* End PBXResourcesBuildPhase section */

/* Begin PBXSourcesBuildPhase section */
		EB9B1870189A1F51001E9D60 /* Sources */ = {
			isa = PBXSourcesBuildPhase;
			buildActionMask = 2147483647;
			files = (
				EB9B1888189A1F52001E9D60 /* INFO_4290_Final_ProjectAppDelegate.m in Sources */,
				EB5D904918D7E66C00E8BE1B /* CoreDataModel.xcdatamodeld in Sources */,
				EBA5EF2318B161CC00493FBF /* SWRevealViewController.m in Sources */,
				EB9B1884189A1F51001E9D60 /* main.m in Sources */,
				7A14A31A189B7029008FAEC7 /* GameStart.m in Sources */,
				EBA5EF3318B5CD6100493FBF /* MyProfileViewController.m in Sources */,
				AA40889418F51F2A0001D4EC /* SBJsonStreamParserAccumulator.m in Sources */,
				AAD1945318AC452D00116E23 /* EditQuestionViewController.m in Sources */,
				7AFEE0AA189C58DA00D84FA3 /* Category.m in Sources */,
				EBA5EF2018ADC49000493FBF /* MainViewController.m in Sources */,
				EBA5EF3018B5CD4F00493FBF /* SettingsViewController.m in Sources */,
				AA40889918F51F2A0001D4EC /* SBJsonStreamWriterState.m in Sources */,
				EBA5EF1618ADB97200493FBF /* SideMenuViewController.m in Sources */,
				EBA5EF1018A9E4D400493FBF /* MainMenuViewController.m in Sources */,
				AAD1945018AC440700116E23 /* PackSelectViewController.m in Sources */,
				7AFEE0A7189C4F8E00D84FA3 /* Helppage.m in Sources */,
				EB5D908518DCD21D00E8BE1B /* Help_AchievementsViewController.m in Sources */,
				AAD194A018AC572500116E23 /* SendRequestViewController.m in Sources */,
				7AF8C86C189B7AC30098E573 /* AnswerQuestions.m in Sources */,
				7AFEE0B3189C5C5D00D84FA3 /* Sendrequest.m in Sources */,
				EB5D908118DBFECF00E8BE1B /* Help_GameViewController.m in Sources */,
				EB5D908D18DD226000E8BE1B /* Help_QuestionViewController.m in Sources */,
				EBA5EF3618B5CD6E00493FBF /* HelpMenuViewController.m in Sources */,
				7AF8C866189B77C30098E573 /* ChooseQuestionPacks.m in Sources */,
				AAD1944D18AC39D600116E23 /* QuestionPack.m in Sources */,
				AAC95D4B18BEACD6003D72F9 /* ExternalQuestionPack.m in Sources */,
				EB96186F18C821C80047862A /* StatusViewController.m in Sources */,
				AA40889818F51F2A0001D4EC /* SBJsonStreamWriterAccumulator.m in Sources */,
				AA40889C18F51F2A0001D4EC /* SBJsonWriter.m in Sources */,
				AAAFBFC918DA56CF00D1029D /* CJSONSerializer.m in Sources */,
				AAC95D5118BEC159003D72F9 /* AnswerQuestionViewController.m in Sources */,
				AAAFBFCA18DA56CF00D1029D /* NSDictionary_JSONExtensions.m in Sources */,
				AA40889518F51F2A0001D4EC /* SBJsonStreamParserAdapter.m in Sources */,
				AA40889118F51F2A0001D4EC /* NSObject+SBJson.m in Sources */,
				AA40889718F51F2A0001D4EC /* SBJsonStreamWriter.m in Sources */,
				EB9B188E189A1F52001E9D60 /* INFO_4290_Final_ProjectViewController.m in Sources */,
				AA40889218F51F2A0001D4EC /* SBJsonParser.m in Sources */,
				AAAFBFC818DA56CF00D1029D /* CJSONDeserializer.m in Sources */,
				AA40889618F51F2A0001D4EC /* SBJsonStreamParserState.m in Sources */,
				AA40889A18F51F2A0001D4EC /* SBJsonTokeniser.m in Sources */,
				7AFEE0AD189C591900D84FA3 /* question.m in Sources */,
				7AFEE0B0189C5AF500D84FA3 /* CategoryTV.m in Sources */,
				AAAFBFCD18DA5D7E00D1029D /* PrepareForAnswerQuestionViewController.m in Sources */,
				EB96185118BC45BB0047862A /* TestViewController.m in Sources */,
				EB5D908918DCD22F00E8BE1B /* Help_FacebookViewController.m in Sources */,
				AAC95D4E18BEBF17003D72F9 /* GameResultViewController.m in Sources */,
				EB96186C18C820F80047862A /* AwardsViewController.m in Sources */,
				AA40889318F51F2A0001D4EC /* SBJsonStreamParser.m in Sources */,
				AA40889B18F51F2A0001D4EC /* SBJsonUTF8Stream.m in Sources */,
			);
			runOnlyForDeploymentPostprocessing = 0;
		};
		EB9B1891189A1F52001E9D60 /* Sources */ = {
			isa = PBXSourcesBuildPhase;
			buildActionMask = 2147483647;
			files = (
				EB5D908218DBFECF00E8BE1B /* Help_GameViewController.m in Sources */,
				EB5D908618DCD21D00E8BE1B /* Help_AchievementsViewController.m in Sources */,
				EB5D904A18D7E66C00E8BE1B /* CoreDataModel.xcdatamodeld in Sources */,
				EB5D908E18DD226000E8BE1B /* Help_QuestionViewController.m in Sources */,
				EB9B18A3189A1F52001E9D60 /* Friend_QuizTests.m in Sources */,
				EB5D908A18DCD22F00E8BE1B /* Help_FacebookViewController.m in Sources */,
			);
			runOnlyForDeploymentPostprocessing = 0;
		};
/* End PBXSourcesBuildPhase section */

/* Begin PBXTargetDependency section */
		EB9B189B189A1F52001E9D60 /* PBXTargetDependency */ = {
			isa = PBXTargetDependency;
			target = EB9B1873189A1F51001E9D60 /* Friend Quiz */;
			targetProxy = EB9B189A189A1F52001E9D60 /* PBXContainerItemProxy */;
		};
/* End PBXTargetDependency section */

/* Begin PBXVariantGroup section */
		EB9B1880189A1F51001E9D60 /* InfoPlist.strings */ = {
			isa = PBXVariantGroup;
			children = (
				EB9B1881189A1F51001E9D60 /* en */,
			);
			name = InfoPlist.strings;
			sourceTree = "<group>";
		};
		EB9B1889189A1F52001E9D60 /* Main.storyboard */ = {
			isa = PBXVariantGroup;
			children = (
				EB9B188A189A1F52001E9D60 /* Base */,
			);
			name = Main.storyboard;
			sourceTree = "<group>";
		};
		EB9B189F189A1F52001E9D60 /* InfoPlist.strings */ = {
			isa = PBXVariantGroup;
			children = (
				EB9B18A0189A1F52001E9D60 /* en */,
			);
			name = InfoPlist.strings;
			sourceTree = "<group>";
		};
/* End PBXVariantGroup section */

/* Begin XCBuildConfiguration section */
		EB9B18A4189A1F52001E9D60 /* Debug */ = {
			isa = XCBuildConfiguration;
			buildSettings = {
				ALWAYS_SEARCH_USER_PATHS = NO;
				ARCHS = "$(ARCHS_STANDARD_INCLUDING_64_BIT)";
				CLANG_CXX_LANGUAGE_STANDARD = "gnu++0x";
				CLANG_CXX_LIBRARY = "libc++";
				CLANG_ENABLE_MODULES = YES;
				CLANG_ENABLE_OBJC_ARC = YES;
				CLANG_WARN_BOOL_CONVERSION = YES;
				CLANG_WARN_CONSTANT_CONVERSION = YES;
				CLANG_WARN_DIRECT_OBJC_ISA_USAGE = YES_ERROR;
				CLANG_WARN_EMPTY_BODY = YES;
				CLANG_WARN_ENUM_CONVERSION = YES;
				CLANG_WARN_INT_CONVERSION = YES;
				CLANG_WARN_OBJC_ROOT_CLASS = YES_ERROR;
				CLANG_WARN__DUPLICATE_METHOD_MATCH = YES;
				"CODE_SIGN_IDENTITY[sdk=iphoneos*]" = "iPhone Developer";
				COPY_PHASE_STRIP = NO;
				GCC_C_LANGUAGE_STANDARD = gnu99;
				GCC_DYNAMIC_NO_PIC = NO;
				GCC_OPTIMIZATION_LEVEL = 0;
				GCC_PREPROCESSOR_DEFINITIONS = (
					"DEBUG=1",
					"$(inherited)",
				);
				GCC_SYMBOLS_PRIVATE_EXTERN = NO;
				GCC_WARN_64_TO_32_BIT_CONVERSION = YES;
				GCC_WARN_ABOUT_RETURN_TYPE = YES_ERROR;
				GCC_WARN_UNDECLARED_SELECTOR = YES;
				GCC_WARN_UNINITIALIZED_AUTOS = YES;
				GCC_WARN_UNUSED_FUNCTION = YES;
				GCC_WARN_UNUSED_VARIABLE = YES;
				IPHONEOS_DEPLOYMENT_TARGET = 7.0;
				ONLY_ACTIVE_ARCH = YES;
				SDKROOT = iphoneos;
			};
			name = Debug;
		};
		EB9B18A5189A1F52001E9D60 /* Release */ = {
			isa = XCBuildConfiguration;
			buildSettings = {
				ALWAYS_SEARCH_USER_PATHS = NO;
				ARCHS = "$(ARCHS_STANDARD_INCLUDING_64_BIT)";
				CLANG_CXX_LANGUAGE_STANDARD = "gnu++0x";
				CLANG_CXX_LIBRARY = "libc++";
				CLANG_ENABLE_MODULES = YES;
				CLANG_ENABLE_OBJC_ARC = YES;
				CLANG_WARN_BOOL_CONVERSION = YES;
				CLANG_WARN_CONSTANT_CONVERSION = YES;
				CLANG_WARN_DIRECT_OBJC_ISA_USAGE = YES_ERROR;
				CLANG_WARN_EMPTY_BODY = YES;
				CLANG_WARN_ENUM_CONVERSION = YES;
				CLANG_WARN_INT_CONVERSION = YES;
				CLANG_WARN_OBJC_ROOT_CLASS = YES_ERROR;
				CLANG_WARN__DUPLICATE_METHOD_MATCH = YES;
				"CODE_SIGN_IDENTITY[sdk=iphoneos*]" = "iPhone Developer";
				COPY_PHASE_STRIP = YES;
				ENABLE_NS_ASSERTIONS = NO;
				GCC_C_LANGUAGE_STANDARD = gnu99;
				GCC_WARN_64_TO_32_BIT_CONVERSION = YES;
				GCC_WARN_ABOUT_RETURN_TYPE = YES_ERROR;
				GCC_WARN_UNDECLARED_SELECTOR = YES;
				GCC_WARN_UNINITIALIZED_AUTOS = YES;
				GCC_WARN_UNUSED_FUNCTION = YES;
				GCC_WARN_UNUSED_VARIABLE = YES;
				IPHONEOS_DEPLOYMENT_TARGET = 7.0;
				SDKROOT = iphoneos;
				VALIDATE_PRODUCT = YES;
			};
			name = Release;
		};
		EB9B18A7189A1F52001E9D60 /* Debug */ = {
			isa = XCBuildConfiguration;
			buildSettings = {
				ASSETCATALOG_COMPILER_APPICON_NAME = AppIcon;
				ASSETCATALOG_COMPILER_LAUNCHIMAGE_NAME = LaunchImage;
				FRAMEWORK_SEARCH_PATHS = (
					"$(inherited)",
					/Users/christianretureta/Documents/FacebookSDK,
					"/Users/yourdonjou/Desktop/INFO-4290-Friend-Quiz",
					"/Users/yourdonjou/Desktop/Friend-Quiz-II",
					/Users/nhiemtruong/Documents/FacebookSDK,
				);
				GCC_PRECOMPILE_PREFIX_HEADER = YES;
				GCC_PREFIX_HEADER = "Friend Quiz/Friend Quiz-Prefix.pch";
				INFOPLIST_FILE = "Friend Quiz/Friend Quiz-Info.plist";
				PRODUCT_NAME = "$(TARGET_NAME)";
				WRAPPER_EXTENSION = app;
			};
			name = Debug;
		};
		EB9B18A8189A1F52001E9D60 /* Release */ = {
			isa = XCBuildConfiguration;
			buildSettings = {
				ASSETCATALOG_COMPILER_APPICON_NAME = AppIcon;
				ASSETCATALOG_COMPILER_LAUNCHIMAGE_NAME = LaunchImage;
				FRAMEWORK_SEARCH_PATHS = (
					"$(inherited)",
					/Users/christianretureta/Documents/FacebookSDK,
					"/Users/yourdonjou/Desktop/INFO-4290-Friend-Quiz",
					"/Users/yourdonjou/Desktop/Friend-Quiz-II",
					/Users/nhiemtruong/Documents/FacebookSDK,
				);
				GCC_PRECOMPILE_PREFIX_HEADER = YES;
				GCC_PREFIX_HEADER = "Friend Quiz/Friend Quiz-Prefix.pch";
				INFOPLIST_FILE = "Friend Quiz/Friend Quiz-Info.plist";
				PRODUCT_NAME = "$(TARGET_NAME)";
				WRAPPER_EXTENSION = app;
			};
			name = Release;
		};
		EB9B18AA189A1F52001E9D60 /* Debug */ = {
			isa = XCBuildConfiguration;
			buildSettings = {
				ARCHS = "$(ARCHS_STANDARD_INCLUDING_64_BIT)";
				BUNDLE_LOADER = "$(BUILT_PRODUCTS_DIR)/Friend Quiz.app/Friend Quiz";
				FRAMEWORK_SEARCH_PATHS = (
					"$(SDKROOT)/Developer/Library/Frameworks",
					"$(inherited)",
					"$(DEVELOPER_FRAMEWORKS_DIR)",
				);
				GCC_PRECOMPILE_PREFIX_HEADER = YES;
				GCC_PREFIX_HEADER = "Friend Quiz/Friend Quiz-Prefix.pch";
				GCC_PREPROCESSOR_DEFINITIONS = (
					"DEBUG=1",
					"$(inherited)",
				);
				INFOPLIST_FILE = "Friend QuizTests/Friend QuizTests-Info.plist";
				PRODUCT_NAME = "$(TARGET_NAME)";
				TEST_HOST = "$(BUNDLE_LOADER)";
				WRAPPER_EXTENSION = xctest;
			};
			name = Debug;
		};
		EB9B18AB189A1F52001E9D60 /* Release */ = {
			isa = XCBuildConfiguration;
			buildSettings = {
				ARCHS = "$(ARCHS_STANDARD_INCLUDING_64_BIT)";
				BUNDLE_LOADER = "$(BUILT_PRODUCTS_DIR)/Friend Quiz.app/Friend Quiz";
				FRAMEWORK_SEARCH_PATHS = (
					"$(SDKROOT)/Developer/Library/Frameworks",
					"$(inherited)",
					"$(DEVELOPER_FRAMEWORKS_DIR)",
				);
				GCC_PRECOMPILE_PREFIX_HEADER = YES;
				GCC_PREFIX_HEADER = "Friend Quiz/Friend Quiz-Prefix.pch";
				INFOPLIST_FILE = "Friend QuizTests/Friend QuizTests-Info.plist";
				PRODUCT_NAME = "$(TARGET_NAME)";
				TEST_HOST = "$(BUNDLE_LOADER)";
				WRAPPER_EXTENSION = xctest;
			};
			name = Release;
		};
/* End XCBuildConfiguration section */

/* Begin XCConfigurationList section */
		EB9B186F189A1F51001E9D60 /* Build configuration list for PBXProject "Friend Quiz" */ = {
			isa = XCConfigurationList;
			buildConfigurations = (
				EB9B18A4189A1F52001E9D60 /* Debug */,
				EB9B18A5189A1F52001E9D60 /* Release */,
			);
			defaultConfigurationIsVisible = 0;
			defaultConfigurationName = Release;
		};
		EB9B18A6189A1F52001E9D60 /* Build configuration list for PBXNativeTarget "Friend Quiz" */ = {
			isa = XCConfigurationList;
			buildConfigurations = (
				EB9B18A7189A1F52001E9D60 /* Debug */,
				EB9B18A8189A1F52001E9D60 /* Release */,
			);
			defaultConfigurationIsVisible = 0;
			defaultConfigurationName = Release;
		};
		EB9B18A9189A1F52001E9D60 /* Build configuration list for PBXNativeTarget "Friend QuizTests" */ = {
			isa = XCConfigurationList;
			buildConfigurations = (
				EB9B18AA189A1F52001E9D60 /* Debug */,
				EB9B18AB189A1F52001E9D60 /* Release */,
			);
			defaultConfigurationIsVisible = 0;
			defaultConfigurationName = Release;
		};
/* End XCConfigurationList section */

/* Begin XCVersionGroup section */
		EB5D904718D7E66C00E8BE1B /* CoreDataModel.xcdatamodeld */ = {
			isa = XCVersionGroup;
			children = (
				EB5D904818D7E66C00E8BE1B /* CoreDataModel.xcdatamodel */,
			);
			currentVersion = EB5D904818D7E66C00E8BE1B /* CoreDataModel.xcdatamodel */;
			path = CoreDataModel.xcdatamodeld;
			sourceTree = "<group>";
			versionGroupType = wrapper.xcdatamodel;
		};
/* End XCVersionGroup section */
	};
	rootObject = EB9B186C189A1F51001E9D60 /* Project object */;
}
